// !$*UTF8*$!
{
	archiveVersion = 1;
	classes = {
	};
	objectVersion = 56;
	objects = {

/* Begin PBXBuildFile section */
		AB18944C2908E97B00D0C421 /* C_Main.swift in Sources */ = {isa = PBXBuildFile; fileRef = AB18944B2908E97B00D0C421 /* C_Main.swift */; };
		AB944E9C28F24113002C3DDA /* _556_GPApp.swift in Sources */ = {isa = PBXBuildFile; fileRef = AB944E9B28F24113002C3DDA /* _556_GPApp.swift */; };
		AB944E9E28F24113002C3DDA /* V_QuizList.swift in Sources */ = {isa = PBXBuildFile; fileRef = AB944E9D28F24113002C3DDA /* V_QuizList.swift */; };
		AB944EA028F24114002C3DDA /* Assets.xcassets in Resources */ = {isa = PBXBuildFile; fileRef = AB944E9F28F24114002C3DDA /* Assets.xcassets */; };
		AB944EA328F24114002C3DDA /* Preview Assets.xcassets in Resources */ = {isa = PBXBuildFile; fileRef = AB944EA228F24114002C3DDA /* Preview Assets.xcassets */; };
		AB944EAD28F24115002C3DDA /* _556_GPTests.swift in Sources */ = {isa = PBXBuildFile; fileRef = AB944EAC28F24115002C3DDA /* _556_GPTests.swift */; };
		AB944EB728F24115002C3DDA /* _556_GPUITests.swift in Sources */ = {isa = PBXBuildFile; fileRef = AB944EB628F24115002C3DDA /* _556_GPUITests.swift */; };
		AB944EB928F24115002C3DDA /* _556_GPUITestsLaunchTests.swift in Sources */ = {isa = PBXBuildFile; fileRef = AB944EB828F24115002C3DDA /* _556_GPUITestsLaunchTests.swift */; };
		AB944EC628F2415F002C3DDA /* V_QuizItem.swift in Sources */ = {isa = PBXBuildFile; fileRef = AB944EC528F2415F002C3DDA /* V_QuizItem.swift */; };
		AB944EC828F2417C002C3DDA /* V_SlideCard.swift in Sources */ = {isa = PBXBuildFile; fileRef = AB944EC728F2417B002C3DDA /* V_SlideCard.swift */; };
		AB944ECA28F24205002C3DDA /* V_SlideCardStack.swift in Sources */ = {isa = PBXBuildFile; fileRef = AB944EC928F24205002C3DDA /* V_SlideCardStack.swift */; };
		AB944ED028F24503002C3DDA /* quizzesData.json in Resources */ = {isa = PBXBuildFile; fileRef = AB944ECF28F24503002C3DDA /* quizzesData.json */; };
		AB944ED228F24743002C3DDA /* Quiz.swift in Sources */ = {isa = PBXBuildFile; fileRef = AB944ED128F24743002C3DDA /* Quiz.swift */; };
		AB944ED428F24B45002C3DDA /* ModelData.swift in Sources */ = {isa = PBXBuildFile; fileRef = AB944ED328F24B45002C3DDA /* ModelData.swift */; };
/* End PBXBuildFile section */

/* Begin PBXContainerItemProxy section */
		AB944EA928F24115002C3DDA /* PBXContainerItemProxy */ = {
			isa = PBXContainerItemProxy;
			containerPortal = AB944E9028F24112002C3DDA /* Project object */;
			proxyType = 1;
			remoteGlobalIDString = AB944E9728F24113002C3DDA;
			remoteInfo = 565_GP;
		};
		AB944EB328F24115002C3DDA /* PBXContainerItemProxy */ = {
			isa = PBXContainerItemProxy;
			containerPortal = AB944E9028F24112002C3DDA /* Project object */;
			proxyType = 1;
			remoteGlobalIDString = AB944E9728F24113002C3DDA;
			remoteInfo = 565_GP;
		};
/* End PBXContainerItemProxy section */

/* Begin PBXFileReference section */
		AB18944B2908E97B00D0C421 /* C_Main.swift */ = {isa = PBXFileReference; lastKnownFileType = sourcecode.swift; path = C_Main.swift; sourceTree = "<group>"; };
		AB944E9828F24113002C3DDA /* 556_GP.app */ = {isa = PBXFileReference; explicitFileType = wrapper.application; includeInIndex = 0; path = 556_GP.app; sourceTree = BUILT_PRODUCTS_DIR; };
		AB944E9B28F24113002C3DDA /* _556_GPApp.swift */ = {isa = PBXFileReference; lastKnownFileType = sourcecode.swift; path = _556_GPApp.swift; sourceTree = "<group>"; };
		AB944E9D28F24113002C3DDA /* V_QuizList.swift */ = {isa = PBXFileReference; lastKnownFileType = sourcecode.swift; path = V_QuizList.swift; sourceTree = "<group>"; };
		AB944E9F28F24114002C3DDA /* Assets.xcassets */ = {isa = PBXFileReference; lastKnownFileType = folder.assetcatalog; path = Assets.xcassets; sourceTree = "<group>"; };
		AB944EA228F24114002C3DDA /* Preview Assets.xcassets */ = {isa = PBXFileReference; lastKnownFileType = folder.assetcatalog; path = "Preview Assets.xcassets"; sourceTree = "<group>"; };
		AB944EA828F24115002C3DDA /* 556_GPTests.xctest */ = {isa = PBXFileReference; explicitFileType = wrapper.cfbundle; includeInIndex = 0; path = 556_GPTests.xctest; sourceTree = BUILT_PRODUCTS_DIR; };
		AB944EAC28F24115002C3DDA /* _556_GPTests.swift */ = {isa = PBXFileReference; lastKnownFileType = sourcecode.swift; path = _556_GPTests.swift; sourceTree = "<group>"; };
		AB944EB228F24115002C3DDA /* 556_GPUITests.xctest */ = {isa = PBXFileReference; explicitFileType = wrapper.cfbundle; includeInIndex = 0; path = 556_GPUITests.xctest; sourceTree = BUILT_PRODUCTS_DIR; };
		AB944EB628F24115002C3DDA /* _556_GPUITests.swift */ = {isa = PBXFileReference; lastKnownFileType = sourcecode.swift; path = _556_GPUITests.swift; sourceTree = "<group>"; };
		AB944EB828F24115002C3DDA /* _556_GPUITestsLaunchTests.swift */ = {isa = PBXFileReference; lastKnownFileType = sourcecode.swift; path = _556_GPUITestsLaunchTests.swift; sourceTree = "<group>"; };
		AB944EC528F2415F002C3DDA /* V_QuizItem.swift */ = {isa = PBXFileReference; lastKnownFileType = sourcecode.swift; path = V_QuizItem.swift; sourceTree = "<group>"; };
		AB944EC728F2417B002C3DDA /* V_SlideCard.swift */ = {isa = PBXFileReference; lastKnownFileType = sourcecode.swift; path = V_SlideCard.swift; sourceTree = "<group>"; };
		AB944EC928F24205002C3DDA /* V_SlideCardStack.swift */ = {isa = PBXFileReference; lastKnownFileType = sourcecode.swift; path = V_SlideCardStack.swift; sourceTree = "<group>"; };
		AB944ECF28F24503002C3DDA /* quizzesData.json */ = {isa = PBXFileReference; fileEncoding = 4; lastKnownFileType = text.json; path = quizzesData.json; sourceTree = "<group>"; };
		AB944ED128F24743002C3DDA /* Quiz.swift */ = {isa = PBXFileReference; lastKnownFileType = sourcecode.swift; path = Quiz.swift; sourceTree = "<group>"; };
		AB944ED328F24B45002C3DDA /* ModelData.swift */ = {isa = PBXFileReference; fileEncoding = 4; lastKnownFileType = sourcecode.swift; path = ModelData.swift; sourceTree = "<group>"; };
/* End PBXFileReference section */

/* Begin PBXFrameworksBuildPhase section */
		AB944E9528F24113002C3DDA /* Frameworks */ = {
			isa = PBXFrameworksBuildPhase;
			buildActionMask = 2147483647;
			files = (
			);
			runOnlyForDeploymentPostprocessing = 0;
		};
		AB944EA528F24115002C3DDA /* Frameworks */ = {
			isa = PBXFrameworksBuildPhase;
			buildActionMask = 2147483647;
			files = (
			);
			runOnlyForDeploymentPostprocessing = 0;
		};
		AB944EAF28F24115002C3DDA /* Frameworks */ = {
			isa = PBXFrameworksBuildPhase;
			buildActionMask = 2147483647;
			files = (
			);
			runOnlyForDeploymentPostprocessing = 0;
		};
/* End PBXFrameworksBuildPhase section */

/* Begin PBXGroup section */
		AB944E8F28F24112002C3DDA = {
			isa = PBXGroup;
			children = (
				AB944E9A28F24113002C3DDA /* 556_GP */,
				AB944EAB28F24115002C3DDA /* 556_GPTests */,
				AB944EB528F24115002C3DDA /* 556_GPUITests */,
				AB944E9928F24113002C3DDA /* Products */,
			);
			sourceTree = "<group>";
		};
		AB944E9928F24113002C3DDA /* Products */ = {
			isa = PBXGroup;
			children = (
				AB944E9828F24113002C3DDA /* 556_GP.app */,
				AB944EA828F24115002C3DDA /* 556_GPTests.xctest */,
				AB944EB228F24115002C3DDA /* 556_GPUITests.xctest */,
			);
			name = Products;
			sourceTree = "<group>";
		};
		AB944E9A28F24113002C3DDA /* 556_GP */ = {
			isa = PBXGroup;
			children = (
				AB944ECE28F244E0002C3DDA /* Resources */,
				AB944ECD28F24415002C3DDA /* Controllers */,
				AB944ECB28F243F7002C3DDA /* Views */,
				AB944ECC28F24407002C3DDA /* Models */,
				AB944E9F28F24114002C3DDA /* Assets.xcassets */,
				AB944EA128F24114002C3DDA /* Preview Content */,
			);
			path = 556_GP;
			sourceTree = "<group>";
		};
		AB944EA128F24114002C3DDA /* Preview Content */ = {
			isa = PBXGroup;
			children = (
				AB944EA228F24114002C3DDA /* Preview Assets.xcassets */,
			);
			path = "Preview Content";
			sourceTree = "<group>";
		};
		AB944EAB28F24115002C3DDA /* 556_GPTests */ = {
			isa = PBXGroup;
			children = (
				AB944EAC28F24115002C3DDA /* _556_GPTests.swift */,
			);
			path = 556_GPTests;
			sourceTree = "<group>";
		};
		AB944EB528F24115002C3DDA /* 556_GPUITests */ = {
			isa = PBXGroup;
			children = (
				AB944EB628F24115002C3DDA /* _556_GPUITests.swift */,
				AB944EB828F24115002C3DDA /* _556_GPUITestsLaunchTests.swift */,
			);
			path = 556_GPUITests;
			sourceTree = "<group>";
		};
		AB944ECB28F243F7002C3DDA /* Views */ = {
			isa = PBXGroup;
			children = (
				AB944E9D28F24113002C3DDA /* V_QuizList.swift */,
				AB944EC528F2415F002C3DDA /* V_QuizItem.swift */,
				AB944EC928F24205002C3DDA /* V_SlideCardStack.swift */,
				AB944EC728F2417B002C3DDA /* V_SlideCard.swift */,
			);
			path = Views;
			sourceTree = "<group>";
		};
		AB944ECC28F24407002C3DDA /* Models */ = {
			isa = PBXGroup;
			children = (
				AB944ED328F24B45002C3DDA /* ModelData.swift */,
				AB944ED128F24743002C3DDA /* Quiz.swift */,
			);
			path = Models;
			sourceTree = "<group>";
		};
		AB944ECD28F24415002C3DDA /* Controllers */ = {
			isa = PBXGroup;
			children = (
				AB944E9B28F24113002C3DDA /* _556_GPApp.swift */,
				AB18944B2908E97B00D0C421 /* C_Main.swift */,
			);
			path = Controllers;
			sourceTree = "<group>";
		};
		AB944ECE28F244E0002C3DDA /* Resources */ = {
			isa = PBXGroup;
			children = (
				AB944ECF28F24503002C3DDA /* quizzesData.json */,
			);
			path = Resources;
			sourceTree = "<group>";
		};
/* End PBXGroup section */

/* Begin PBXNativeTarget section */
		AB944E9728F24113002C3DDA /* 556_GP */ = {
			isa = PBXNativeTarget;
			buildConfigurationList = AB944EBC28F24115002C3DDA /* Build configuration list for PBXNativeTarget "556_GP" */;
			buildPhases = (
				AB944E9428F24113002C3DDA /* Sources */,
				AB944E9528F24113002C3DDA /* Frameworks */,
				AB944E9628F24113002C3DDA /* Resources */,
			);
			buildRules = (
			);
			dependencies = (
			);
			name = 556_GP;
			productName = 565_GP;
			productReference = AB944E9828F24113002C3DDA /* 556_GP.app */;
			productType = "com.apple.product-type.application";
		};
		AB944EA728F24115002C3DDA /* 556_GPTests */ = {
			isa = PBXNativeTarget;
			buildConfigurationList = AB944EBF28F24115002C3DDA /* Build configuration list for PBXNativeTarget "556_GPTests" */;
			buildPhases = (
				AB944EA428F24115002C3DDA /* Sources */,
				AB944EA528F24115002C3DDA /* Frameworks */,
				AB944EA628F24115002C3DDA /* Resources */,
			);
			buildRules = (
			);
			dependencies = (
				AB944EAA28F24115002C3DDA /* PBXTargetDependency */,
			);
			name = 556_GPTests;
			productName = 565_GPTests;
			productReference = AB944EA828F24115002C3DDA /* 556_GPTests.xctest */;
			productType = "com.apple.product-type.bundle.unit-test";
		};
		AB944EB128F24115002C3DDA /* 556_GPUITests */ = {
			isa = PBXNativeTarget;
			buildConfigurationList = AB944EC228F24115002C3DDA /* Build configuration list for PBXNativeTarget "556_GPUITests" */;
			buildPhases = (
				AB944EAE28F24115002C3DDA /* Sources */,
				AB944EAF28F24115002C3DDA /* Frameworks */,
				AB944EB028F24115002C3DDA /* Resources */,
			);
			buildRules = (
			);
			dependencies = (
				AB944EB428F24115002C3DDA /* PBXTargetDependency */,
			);
			name = 556_GPUITests;
			productName = 565_GPUITests;
			productReference = AB944EB228F24115002C3DDA /* 556_GPUITests.xctest */;
			productType = "com.apple.product-type.bundle.ui-testing";
		};
/* End PBXNativeTarget section */

/* Begin PBXProject section */
		AB944E9028F24112002C3DDA /* Project object */ = {
			isa = PBXProject;
			attributes = {
				BuildIndependentTargetsInParallel = 1;
				LastSwiftUpdateCheck = 1400;
				LastUpgradeCheck = 1400;
				TargetAttributes = {
					AB944E9728F24113002C3DDA = {
						CreatedOnToolsVersion = 14.0.1;
					};
					AB944EA728F24115002C3DDA = {
						CreatedOnToolsVersion = 14.0.1;
						TestTargetID = AB944E9728F24113002C3DDA;
					};
					AB944EB128F24115002C3DDA = {
						CreatedOnToolsVersion = 14.0.1;
						TestTargetID = AB944E9728F24113002C3DDA;
					};
				};
			};
			buildConfigurationList = AB944E9328F24112002C3DDA /* Build configuration list for PBXProject "_556_GP" */;
			compatibilityVersion = "Xcode 14.0";
			developmentRegion = en;
			hasScannedForEncodings = 0;
			knownRegions = (
				en,
				Base,
			);
			mainGroup = AB944E8F28F24112002C3DDA;
			productRefGroup = AB944E9928F24113002C3DDA /* Products */;
			projectDirPath = "";
			projectRoot = "";
			targets = (
				AB944E9728F24113002C3DDA /* 556_GP */,
				AB944EA728F24115002C3DDA /* 556_GPTests */,
				AB944EB128F24115002C3DDA /* 556_GPUITests */,
			);
		};
/* End PBXProject section */

/* Begin PBXResourcesBuildPhase section */
		AB944E9628F24113002C3DDA /* Resources */ = {
			isa = PBXResourcesBuildPhase;
			buildActionMask = 2147483647;
			files = (
				AB944EA328F24114002C3DDA /* Preview Assets.xcassets in Resources */,
				AB944EA028F24114002C3DDA /* Assets.xcassets in Resources */,
				AB944ED028F24503002C3DDA /* quizzesData.json in Resources */,
			);
			runOnlyForDeploymentPostprocessing = 0;
		};
		AB944EA628F24115002C3DDA /* Resources */ = {
			isa = PBXResourcesBuildPhase;
			buildActionMask = 2147483647;
			files = (
			);
			runOnlyForDeploymentPostprocessing = 0;
		};
		AB944EB028F24115002C3DDA /* Resources */ = {
			isa = PBXResourcesBuildPhase;
			buildActionMask = 2147483647;
			files = (
			);
			runOnlyForDeploymentPostprocessing = 0;
		};
/* End PBXResourcesBuildPhase section */

/* Begin PBXSourcesBuildPhase section */
		AB944E9428F24113002C3DDA /* Sources */ = {
			isa = PBXSourcesBuildPhase;
			buildActionMask = 2147483647;
			files = (
				AB944EC828F2417C002C3DDA /* V_SlideCard.swift in Sources */,
				AB944ECA28F24205002C3DDA /* V_SlideCardStack.swift in Sources */,
				AB944ED228F24743002C3DDA /* Quiz.swift in Sources */,
				AB944EC628F2415F002C3DDA /* V_QuizItem.swift in Sources */,
				AB944E9E28F24113002C3DDA /* V_QuizList.swift in Sources */,
				AB944E9C28F24113002C3DDA /* _556_GPApp.swift in Sources */,
				AB18944C2908E97B00D0C421 /* C_Main.swift in Sources */,
				AB944ED428F24B45002C3DDA /* ModelData.swift in Sources */,
			);
			runOnlyForDeploymentPostprocessing = 0;
		};
		AB944EA428F24115002C3DDA /* Sources */ = {
			isa = PBXSourcesBuildPhase;
			buildActionMask = 2147483647;
			files = (
				AB944EAD28F24115002C3DDA /* _556_GPTests.swift in Sources */,
			);
			runOnlyForDeploymentPostprocessing = 0;
		};
		AB944EAE28F24115002C3DDA /* Sources */ = {
			isa = PBXSourcesBuildPhase;
			buildActionMask = 2147483647;
			files = (
				AB944EB928F24115002C3DDA /* _556_GPUITestsLaunchTests.swift in Sources */,
				AB944EB728F24115002C3DDA /* _556_GPUITests.swift in Sources */,
			);
			runOnlyForDeploymentPostprocessing = 0;
		};
/* End PBXSourcesBuildPhase section */

/* Begin PBXTargetDependency section */
		AB944EAA28F24115002C3DDA /* PBXTargetDependency */ = {
			isa = PBXTargetDependency;
			target = AB944E9728F24113002C3DDA /* 556_GP */;
			targetProxy = AB944EA928F24115002C3DDA /* PBXContainerItemProxy */;
		};
		AB944EB428F24115002C3DDA /* PBXTargetDependency */ = {
			isa = PBXTargetDependency;
			target = AB944E9728F24113002C3DDA /* 556_GP */;
			targetProxy = AB944EB328F24115002C3DDA /* PBXContainerItemProxy */;
		};
/* End PBXTargetDependency section */

/* Begin XCBuildConfiguration section */
		AB944EBA28F24115002C3DDA /* Debug */ = {
			isa = XCBuildConfiguration;
			buildSettings = {
				ALWAYS_SEARCH_USER_PATHS = NO;
				CLANG_ANALYZER_NONNULL = YES;
				CLANG_ANALYZER_NUMBER_OBJECT_CONVERSION = YES_AGGRESSIVE;
				CLANG_CXX_LANGUAGE_STANDARD = "gnu++20";
				CLANG_ENABLE_MODULES = YES;
				CLANG_ENABLE_OBJC_ARC = YES;
				CLANG_ENABLE_OBJC_WEAK = YES;
				CLANG_WARN_BLOCK_CAPTURE_AUTORELEASING = YES;
				CLANG_WARN_BOOL_CONVERSION = YES;
				CLANG_WARN_COMMA = YES;
				CLANG_WARN_CONSTANT_CONVERSION = YES;
				CLANG_WARN_DEPRECATED_OBJC_IMPLEMENTATIONS = YES;
				CLANG_WARN_DIRECT_OBJC_ISA_USAGE = YES_ERROR;
				CLANG_WARN_DOCUMENTATION_COMMENTS = YES;
				CLANG_WARN_EMPTY_BODY = YES;
				CLANG_WARN_ENUM_CONVERSION = YES;
				CLANG_WARN_INFINITE_RECURSION = YES;
				CLANG_WARN_INT_CONVERSION = YES;
				CLANG_WARN_NON_LITERAL_NULL_CONVERSION = YES;
				CLANG_WARN_OBJC_IMPLICIT_RETAIN_SELF = YES;
				CLANG_WARN_OBJC_LITERAL_CONVERSION = YES;
				CLANG_WARN_OBJC_ROOT_CLASS = YES_ERROR;
				CLANG_WARN_QUOTED_INCLUDE_IN_FRAMEWORK_HEADER = YES;
				CLANG_WARN_RANGE_LOOP_ANALYSIS = YES;
				CLANG_WARN_STRICT_PROTOTYPES = YES;
				CLANG_WARN_SUSPICIOUS_MOVE = YES;
				CLANG_WARN_UNGUARDED_AVAILABILITY = YES_AGGRESSIVE;
				CLANG_WARN_UNREACHABLE_CODE = YES;
				CLANG_WARN__DUPLICATE_METHOD_MATCH = YES;
				COPY_PHASE_STRIP = NO;
				DEBUG_INFORMATION_FORMAT = dwarf;
				ENABLE_STRICT_OBJC_MSGSEND = YES;
				ENABLE_TESTABILITY = YES;
				GCC_C_LANGUAGE_STANDARD = gnu11;
				GCC_DYNAMIC_NO_PIC = NO;
				GCC_NO_COMMON_BLOCKS = YES;
				GCC_OPTIMIZATION_LEVEL = 0;
				GCC_PREPROCESSOR_DEFINITIONS = (
					"DEBUG=1",
					"$(inherited)",
				);
				GCC_WARN_64_TO_32_BIT_CONVERSION = YES;
				GCC_WARN_ABOUT_RETURN_TYPE = YES_ERROR;
				GCC_WARN_UNDECLARED_SELECTOR = YES;
				GCC_WARN_UNINITIALIZED_AUTOS = YES_AGGRESSIVE;
				GCC_WARN_UNUSED_FUNCTION = YES;
				GCC_WARN_UNUSED_VARIABLE = YES;
				IPHONEOS_DEPLOYMENT_TARGET = 16.0;
				MTL_ENABLE_DEBUG_INFO = INCLUDE_SOURCE;
				MTL_FAST_MATH = YES;
				ONLY_ACTIVE_ARCH = YES;
				SDKROOT = iphoneos;
				SWIFT_ACTIVE_COMPILATION_CONDITIONS = DEBUG;
				SWIFT_OPTIMIZATION_LEVEL = "-Onone";
			};
			name = Debug;
		};
		AB944EBB28F24115002C3DDA /* Release */ = {
			isa = XCBuildConfiguration;
			buildSettings = {
				ALWAYS_SEARCH_USER_PATHS = NO;
				CLANG_ANALYZER_NONNULL = YES;
				CLANG_ANALYZER_NUMBER_OBJECT_CONVERSION = YES_AGGRESSIVE;
				CLANG_CXX_LANGUAGE_STANDARD = "gnu++20";
				CLANG_ENABLE_MODULES = YES;
				CLANG_ENABLE_OBJC_ARC = YES;
				CLANG_ENABLE_OBJC_WEAK = YES;
				CLANG_WARN_BLOCK_CAPTURE_AUTORELEASING = YES;
				CLANG_WARN_BOOL_CONVERSION = YES;
				CLANG_WARN_COMMA = YES;
				CLANG_WARN_CONSTANT_CONVERSION = YES;
				CLANG_WARN_DEPRECATED_OBJC_IMPLEMENTATIONS = YES;
				CLANG_WARN_DIRECT_OBJC_ISA_USAGE = YES_ERROR;
				CLANG_WARN_DOCUMENTATION_COMMENTS = YES;
				CLANG_WARN_EMPTY_BODY = YES;
				CLANG_WARN_ENUM_CONVERSION = YES;
				CLANG_WARN_INFINITE_RECURSION = YES;
				CLANG_WARN_INT_CONVERSION = YES;
				CLANG_WARN_NON_LITERAL_NULL_CONVERSION = YES;
				CLANG_WARN_OBJC_IMPLICIT_RETAIN_SELF = YES;
				CLANG_WARN_OBJC_LITERAL_CONVERSION = YES;
				CLANG_WARN_OBJC_ROOT_CLASS = YES_ERROR;
				CLANG_WARN_QUOTED_INCLUDE_IN_FRAMEWORK_HEADER = YES;
				CLANG_WARN_RANGE_LOOP_ANALYSIS = YES;
				CLANG_WARN_STRICT_PROTOTYPES = YES;
				CLANG_WARN_SUSPICIOUS_MOVE = YES;
				CLANG_WARN_UNGUARDED_AVAILABILITY = YES_AGGRESSIVE;
				CLANG_WARN_UNREACHABLE_CODE = YES;
				CLANG_WARN__DUPLICATE_METHOD_MATCH = YES;
				COPY_PHASE_STRIP = NO;
				DEBUG_INFORMATION_FORMAT = "dwarf-with-dsym";
				ENABLE_NS_ASSERTIONS = NO;
				ENABLE_STRICT_OBJC_MSGSEND = YES;
				GCC_C_LANGUAGE_STANDARD = gnu11;
				GCC_NO_COMMON_BLOCKS = YES;
				GCC_WARN_64_TO_32_BIT_CONVERSION = YES;
				GCC_WARN_ABOUT_RETURN_TYPE = YES_ERROR;
				GCC_WARN_UNDECLARED_SELECTOR = YES;
				GCC_WARN_UNINITIALIZED_AUTOS = YES_AGGRESSIVE;
				GCC_WARN_UNUSED_FUNCTION = YES;
				GCC_WARN_UNUSED_VARIABLE = YES;
				IPHONEOS_DEPLOYMENT_TARGET = 16.0;
				MTL_ENABLE_DEBUG_INFO = NO;
				MTL_FAST_MATH = YES;
				SDKROOT = iphoneos;
				SWIFT_COMPILATION_MODE = wholemodule;
				SWIFT_OPTIMIZATION_LEVEL = "-O";
				VALIDATE_PRODUCT = YES;
			};
			name = Release;
		};
		AB944EBD28F24115002C3DDA /* Debug */ = {
			isa = XCBuildConfiguration;
			buildSettings = {
				ASSETCATALOG_COMPILER_APPICON_NAME = AppIcon;
				ASSETCATALOG_COMPILER_GLOBAL_ACCENT_COLOR_NAME = AccentColor;
				CODE_SIGN_STYLE = Automatic;
				CURRENT_PROJECT_VERSION = 1;
				DEVELOPMENT_ASSET_PATHS = "\"556_GP/Preview Content\"";
				DEVELOPMENT_TEAM = K769H5BPV8;
				ENABLE_PREVIEWS = YES;
				GENERATE_INFOPLIST_FILE = YES;
				INFOPLIST_KEY_UIApplicationSceneManifest_Generation = YES;
				INFOPLIST_KEY_UIApplicationSupportsIndirectInputEvents = YES;
				INFOPLIST_KEY_UILaunchScreen_Generation = YES;
				INFOPLIST_KEY_UISupportedInterfaceOrientations_iPad = "UIInterfaceOrientationPortrait UIInterfaceOrientationPortraitUpsideDown UIInterfaceOrientationLandscapeLeft UIInterfaceOrientationLandscapeRight";
				INFOPLIST_KEY_UISupportedInterfaceOrientations_iPhone = "UIInterfaceOrientationPortrait UIInterfaceOrientationLandscapeLeft UIInterfaceOrientationLandscapeRight";
				LD_RUNPATH_SEARCH_PATHS = (
					"$(inherited)",
					"@executable_path/Frameworks",
				);
				MARKETING_VERSION = 1.0;
				PRODUCT_BUNDLE_IDENTIFIER = "ds.-65-GP";
				PRODUCT_NAME = "$(TARGET_NAME)";
				SWIFT_EMIT_LOC_STRINGS = YES;
				SWIFT_VERSION = 5.0;
				TARGETED_DEVICE_FAMILY = "1,2";
			};
			name = Debug;
		};
		AB944EBE28F24115002C3DDA /* Release */ = {
			isa = XCBuildConfiguration;
			buildSettings = {
				ASSETCATALOG_COMPILER_APPICON_NAME = AppIcon;
				ASSETCATALOG_COMPILER_GLOBAL_ACCENT_COLOR_NAME = AccentColor;
				CODE_SIGN_STYLE = Automatic;
				CURRENT_PROJECT_VERSION = 1;
				DEVELOPMENT_ASSET_PATHS = "\"556_GP/Preview Content\"";
				DEVELOPMENT_TEAM = K769H5BPV8;
				ENABLE_PREVIEWS = YES;
				GENERATE_INFOPLIST_FILE = YES;
				INFOPLIST_KEY_UIApplicationSceneManifest_Generation = YES;
				INFOPLIST_KEY_UIApplicationSupportsIndirectInputEvents = YES;
				INFOPLIST_KEY_UILaunchScreen_Generation = YES;
				INFOPLIST_KEY_UISupportedInterfaceOrientations_iPad = "UIInterfaceOrientationPortrait UIInterfaceOrientationPortraitUpsideDown UIInterfaceOrientationLandscapeLeft UIInterfaceOrientationLandscapeRight";
				INFOPLIST_KEY_UISupportedInterfaceOrientations_iPhone = "UIInterfaceOrientationPortrait UIInterfaceOrientationLandscapeLeft UIInterfaceOrientationLandscapeRight";
				LD_RUNPATH_SEARCH_PATHS = (
					"$(inherited)",
					"@executable_path/Frameworks",
				);
				MARKETING_VERSION = 1.0;
				PRODUCT_BUNDLE_IDENTIFIER = "ds.-65-GP";
				PRODUCT_NAME = "$(TARGET_NAME)";
				SWIFT_EMIT_LOC_STRINGS = YES;
				SWIFT_VERSION = 5.0;
				TARGETED_DEVICE_FAMILY = "1,2";
			};
			name = Release;
		};
		AB944EC028F24115002C3DDA /* Debug */ = {
			isa = XCBuildConfiguration;
			buildSettings = {
				ALWAYS_EMBED_SWIFT_STANDARD_LIBRARIES = YES;
				BUNDLE_LOADER = "$(TEST_HOST)";
				CODE_SIGN_STYLE = Automatic;
				CURRENT_PROJECT_VERSION = 1;
				DEVELOPMENT_TEAM = K769H5BPV8;
				GENERATE_INFOPLIST_FILE = YES;
				IPHONEOS_DEPLOYMENT_TARGET = 16.0;
				MARKETING_VERSION = 1.0;
				PRODUCT_BUNDLE_IDENTIFIER = "ds.-65-GPTests";
				PRODUCT_NAME = "$(TARGET_NAME)";
				SWIFT_EMIT_LOC_STRINGS = NO;
				SWIFT_VERSION = 5.0;
				TARGETED_DEVICE_FAMILY = "1,2";
				TEST_HOST = "$(BUILT_PRODUCTS_DIR)/556_GP.app/$(BUNDLE_EXECUTABLE_FOLDER_PATH)/556_GP";
			};
			name = Debug;
		};
		AB944EC128F24115002C3DDA /* Release */ = {
			isa = XCBuildConfiguration;
			buildSettings = {
				ALWAYS_EMBED_SWIFT_STANDARD_LIBRARIES = YES;
				BUNDLE_LOADER = "$(TEST_HOST)";
				CODE_SIGN_STYLE = Automatic;
				CURRENT_PROJECT_VERSION = 1;
				DEVELOPMENT_TEAM = K769H5BPV8;
				GENERATE_INFOPLIST_FILE = YES;
				IPHONEOS_DEPLOYMENT_TARGET = 16.0;
				MARKETING_VERSION = 1.0;
				PRODUCT_BUNDLE_IDENTIFIER = "ds.-65-GPTests";
				PRODUCT_NAME = "$(TARGET_NAME)";
				SWIFT_EMIT_LOC_STRINGS = NO;
				SWIFT_VERSION = 5.0;
				TARGETED_DEVICE_FAMILY = "1,2";
				TEST_HOST = "$(BUILT_PRODUCTS_DIR)/556_GP.app/$(BUNDLE_EXECUTABLE_FOLDER_PATH)/556_GP";
			};
			name = Release;
		};
		AB944EC328F24115002C3DDA /* Debug */ = {
			isa = XCBuildConfiguration;
			buildSettings = {
				ALWAYS_EMBED_SWIFT_STANDARD_LIBRARIES = YES;
				CODE_SIGN_STYLE = Automatic;
				CURRENT_PROJECT_VERSION = 1;
				DEVELOPMENT_TEAM = K769H5BPV8;
				GENERATE_INFOPLIST_FILE = YES;
				MARKETING_VERSION = 1.0;
				PRODUCT_BUNDLE_IDENTIFIER = "ds.-65-GPUITests";
				PRODUCT_NAME = "$(TARGET_NAME)";
				SWIFT_EMIT_LOC_STRINGS = NO;
				SWIFT_VERSION = 5.0;
				TARGETED_DEVICE_FAMILY = "1,2";
				TEST_TARGET_NAME = 565_GP;
			};
			name = Debug;
		};
		AB944EC428F24115002C3DDA /* Release */ = {
			isa = XCBuildConfiguration;
			buildSettings = {
				ALWAYS_EMBED_SWIFT_STANDARD_LIBRARIES = YES;
				CODE_SIGN_STYLE = Automatic;
				CURRENT_PROJECT_VERSION = 1;
				DEVELOPMENT_TEAM = K769H5BPV8;
				GENERATE_INFOPLIST_FILE = YES;
				MARKETING_VERSION = 1.0;
				PRODUCT_BUNDLE_IDENTIFIER = "ds.-65-GPUITests";
				PRODUCT_NAME = "$(TARGET_NAME)";
				SWIFT_EMIT_LOC_STRINGS = NO;
				SWIFT_VERSION = 5.0;
				TARGETED_DEVICE_FAMILY = "1,2";
				TEST_TARGET_NAME = 565_GP;
			};
			name = Release;
		};
/* End XCBuildConfiguration section */

/* Begin XCConfigurationList section */
		AB944E9328F24112002C3DDA /* Build configuration list for PBXProject "_556_GP" */ = {
			isa = XCConfigurationList;
			buildConfigurations = (
				AB944EBA28F24115002C3DDA /* Debug */,
				AB944EBB28F24115002C3DDA /* Release */,
			);
			defaultConfigurationIsVisible = 0;
			defaultConfigurationName = Release;
		};
		AB944EBC28F24115002C3DDA /* Build configuration list for PBXNativeTarget "556_GP" */ = {
			isa = XCConfigurationList;
			buildConfigurations = (
				AB944EBD28F24115002C3DDA /* Debug */,
				AB944EBE28F24115002C3DDA /* Release */,
			);
			defaultConfigurationIsVisible = 0;
			defaultConfigurationName = Release;
		};
		AB944EBF28F24115002C3DDA /* Build configuration list for PBXNativeTarget "556_GPTests" */ = {
			isa = XCConfigurationList;
			buildConfigurations = (
				AB944EC028F24115002C3DDA /* Debug */,
				AB944EC128F24115002C3DDA /* Release */,
			);
			defaultConfigurationIsVisible = 0;
			defaultConfigurationName = Release;
		};
		AB944EC228F24115002C3DDA /* Build configuration list for PBXNativeTarget "556_GPUITests" */ = {
			isa = XCConfigurationList;
			buildConfigurations = (
				AB944EC328F24115002C3DDA /* Debug */,
				AB944EC428F24115002C3DDA /* Release */,
			);
			defaultConfigurationIsVisible = 0;
			defaultConfigurationName = Release;
		};
/* End XCConfigurationList section */
	};
	rootObject = AB944E9028F24112002C3DDA /* Project object */;
}
