// !$*UTF8*$!
{
	archiveVersion = 1;
	classes = {
	};
	objectVersion = 56;
	objects = {

/* Begin PBXBuildFile section */
		AB0B24C529712BAF00E98042 /* style.css in Resources */ = {isa = PBXBuildFile; fileRef = AB0B24C429712BAF00E98042 /* style.css */; };
		AB18944C2908E97B00D0C421 /* F_Main.swift in Sources */ = {isa = PBXBuildFile; fileRef = AB18944B2908E97B00D0C421 /* F_Main.swift */; };
		AB1D8BCC296FD7620096C500 /* DIGESTS.md in Resources */ = {isa = PBXBuildFile; fileRef = AB1D8943296FD7620096C500 /* DIGESTS.md */; };
		AB1D8BCD296FD7620096C500 /* LICENSE in Resources */ = {isa = PBXBuildFile; fileRef = AB1D8944296FD7620096C500 /* LICENSE */; };
		AB1D8BF1296FD7620096C500 /* python.min.js in Resources */ = {isa = PBXBuildFile; fileRef = AB1D8969296FD7620096C500 /* python.min.js */; };
		AB1D8C8E296FD7620096C500 /* README.md in Resources */ = {isa = PBXBuildFile; fileRef = AB1D8A06296FD7620096C500 /* README.md */; };
		AB1D8C8F296FD7620096C500 /* vs.min.css in Resources */ = {isa = PBXBuildFile; fileRef = AB1D8A08296FD7620096C500 /* vs.min.css */; };
		AB1D8C90296FD7620096C500 /* isbl-editor-dark.min.css in Resources */ = {isa = PBXBuildFile; fileRef = AB1D8A09296FD7620096C500 /* isbl-editor-dark.min.css */; };
		AB1D8C91296FD7620096C500 /* qtcreator-light.min.css in Resources */ = {isa = PBXBuildFile; fileRef = AB1D8A0A296FD7620096C500 /* qtcreator-light.min.css */; };
		AB1D8C92296FD7620096C500 /* srcery.min.css in Resources */ = {isa = PBXBuildFile; fileRef = AB1D8A0B296FD7620096C500 /* srcery.min.css */; };
		AB1D8C93296FD7620096C500 /* brown-paper.min.css in Resources */ = {isa = PBXBuildFile; fileRef = AB1D8A0C296FD7620096C500 /* brown-paper.min.css */; };
		AB1D8C94296FD7620096C500 /* felipec.min.css in Resources */ = {isa = PBXBuildFile; fileRef = AB1D8A0D296FD7620096C500 /* felipec.min.css */; };
		AB1D8C95296FD7620096C500 /* night-owl.min.css in Resources */ = {isa = PBXBuildFile; fileRef = AB1D8A0E296FD7620096C500 /* night-owl.min.css */; };
		AB1D8C96296FD7620096C500 /* school-book.min.css in Resources */ = {isa = PBXBuildFile; fileRef = AB1D8A0F296FD7620096C500 /* school-book.min.css */; };
		AB1D8C97296FD7620096C500 /* xcode.min.css in Resources */ = {isa = PBXBuildFile; fileRef = AB1D8A10296FD7620096C500 /* xcode.min.css */; };
		AB1D8C98296FD7620096C500 /* tomorrow-night-blue.min.css in Resources */ = {isa = PBXBuildFile; fileRef = AB1D8A11296FD7620096C500 /* tomorrow-night-blue.min.css */; };
		AB1D8C99296FD7620096C500 /* vs2015.min.css in Resources */ = {isa = PBXBuildFile; fileRef = AB1D8A12296FD7620096C500 /* vs2015.min.css */; };
		AB1D8C9A296FD7620096C500 /* paraiso-light.min.css in Resources */ = {isa = PBXBuildFile; fileRef = AB1D8A13296FD7620096C500 /* paraiso-light.min.css */; };
		AB1D8C9B296FD7620096C500 /* rainbow.min.css in Resources */ = {isa = PBXBuildFile; fileRef = AB1D8A14296FD7620096C500 /* rainbow.min.css */; };
		AB1D8C9C296FD7620096C500 /* a11y-light.min.css in Resources */ = {isa = PBXBuildFile; fileRef = AB1D8A15296FD7620096C500 /* a11y-light.min.css */; };
		AB1D8C9D296FD7620096C500 /* stackoverflow-dark.min.css in Resources */ = {isa = PBXBuildFile; fileRef = AB1D8A16296FD7620096C500 /* stackoverflow-dark.min.css */; };
		AB1D8C9E296FD7620096C500 /* pojoaque.jpg in Resources */ = {isa = PBXBuildFile; fileRef = AB1D8A17296FD7620096C500 /* pojoaque.jpg */; };
		AB1D8C9F296FD7620096C500 /* far.min.css in Resources */ = {isa = PBXBuildFile; fileRef = AB1D8A18296FD7620096C500 /* far.min.css */; };
		AB1D8CA0296FD7620096C500 /* github-dark.min.css in Resources */ = {isa = PBXBuildFile; fileRef = AB1D8A19296FD7620096C500 /* github-dark.min.css */; };
		AB1D8CA1296FD7620096C500 /* panda-syntax-light.min.css in Resources */ = {isa = PBXBuildFile; fileRef = AB1D8A1A296FD7620096C500 /* panda-syntax-light.min.css */; };
		AB1D8CA2296FD7620096C500 /* tokyo-night-light.min.css in Resources */ = {isa = PBXBuildFile; fileRef = AB1D8A1B296FD7620096C500 /* tokyo-night-light.min.css */; };
		AB1D8CA3296FD7620096C500 /* shades-of-purple.min.css in Resources */ = {isa = PBXBuildFile; fileRef = AB1D8A1C296FD7620096C500 /* shades-of-purple.min.css */; };
		AB1D8CA4296FD7620096C500 /* stackoverflow-light.min.css in Resources */ = {isa = PBXBuildFile; fileRef = AB1D8A1D296FD7620096C500 /* stackoverflow-light.min.css */; };
		AB1D8CA5296FD7620096C500 /* tokyo-night-dark.min.css in Resources */ = {isa = PBXBuildFile; fileRef = AB1D8A1E296FD7620096C500 /* tokyo-night-dark.min.css */; };
		AB1D8CA6296FD7620096C500 /* kimbie-dark.min.css in Resources */ = {isa = PBXBuildFile; fileRef = AB1D8A1F296FD7620096C500 /* kimbie-dark.min.css */; };
		AB1D8CA7296FD7620096C500 /* github-dark-dimmed.min.css in Resources */ = {isa = PBXBuildFile; fileRef = AB1D8A20296FD7620096C500 /* github-dark-dimmed.min.css */; };
		AB1D8CA8296FD7620096C500 /* xt256.min.css in Resources */ = {isa = PBXBuildFile; fileRef = AB1D8A21296FD7620096C500 /* xt256.min.css */; };
		AB1D8CA9296FD7620096C500 /* mono-blue.min.css in Resources */ = {isa = PBXBuildFile; fileRef = AB1D8A22296FD7620096C500 /* mono-blue.min.css */; };
		AB1D8CAA296FD7620096C500 /* devibeans.min.css in Resources */ = {isa = PBXBuildFile; fileRef = AB1D8A23296FD7620096C500 /* devibeans.min.css */; };
		AB1D8CAB296FD7620096C500 /* atom-one-dark.min.css in Resources */ = {isa = PBXBuildFile; fileRef = AB1D8A24296FD7620096C500 /* atom-one-dark.min.css */; };
		AB1D8CAC296FD7620096C500 /* gradient-dark.min.css in Resources */ = {isa = PBXBuildFile; fileRef = AB1D8A25296FD7620096C500 /* gradient-dark.min.css */; };
		AB1D8CAD296FD7620096C500 /* color-brewer.min.css in Resources */ = {isa = PBXBuildFile; fileRef = AB1D8A26296FD7620096C500 /* color-brewer.min.css */; };
		AB1D8CAE296FD7620096C500 /* pojoaque.min.css in Resources */ = {isa = PBXBuildFile; fileRef = AB1D8A27296FD7620096C500 /* pojoaque.min.css */; };
		AB1D8CAF296FD7620096C500 /* routeros.min.css in Resources */ = {isa = PBXBuildFile; fileRef = AB1D8A28296FD7620096C500 /* routeros.min.css */; };
		AB1D8CB0296FD7620096C500 /* gml.min.css in Resources */ = {isa = PBXBuildFile; fileRef = AB1D8A29296FD7620096C500 /* gml.min.css */; };
		AB1D8CB1296FD7620096C500 /* obsidian.min.css in Resources */ = {isa = PBXBuildFile; fileRef = AB1D8A2A296FD7620096C500 /* obsidian.min.css */; };
		AB1D8CB2296FD7620096C500 /* kimbie-light.min.css in Resources */ = {isa = PBXBuildFile; fileRef = AB1D8A2B296FD7620096C500 /* kimbie-light.min.css */; };
		AB1D8CB3296FD7620096C500 /* lightfair.min.css in Resources */ = {isa = PBXBuildFile; fileRef = AB1D8A2C296FD7620096C500 /* lightfair.min.css */; };
		AB1D8CB4296FD7620096C500 /* idea.min.css in Resources */ = {isa = PBXBuildFile; fileRef = AB1D8A2D296FD7620096C500 /* idea.min.css */; };
		AB1D8CB5296FD7620096C500 /* nnfx-light.min.css in Resources */ = {isa = PBXBuildFile; fileRef = AB1D8A2E296FD7620096C500 /* nnfx-light.min.css */; };
		AB1D8CB6296FD7620096C500 /* arduino-light.min.css in Resources */ = {isa = PBXBuildFile; fileRef = AB1D8A2F296FD7620096C500 /* arduino-light.min.css */; };
		AB1D8CB7296FD7620096C500 /* intellij-light.min.css in Resources */ = {isa = PBXBuildFile; fileRef = AB1D8A30296FD7620096C500 /* intellij-light.min.css */; };
		AB1D8CB8296FD7620096C500 /* panda-syntax-dark.min.css in Resources */ = {isa = PBXBuildFile; fileRef = AB1D8A31296FD7620096C500 /* panda-syntax-dark.min.css */; };
		AB1D8CB9296FD7620096C500 /* magula.min.css in Resources */ = {isa = PBXBuildFile; fileRef = AB1D8A32296FD7620096C500 /* magula.min.css */; };
		AB1D8CBA296FD7620096C500 /* arta.min.css in Resources */ = {isa = PBXBuildFile; fileRef = AB1D8A33296FD7620096C500 /* arta.min.css */; };
		AB1D8CBB296FD7620096C500 /* purebasic.min.css in Resources */ = {isa = PBXBuildFile; fileRef = AB1D8A34296FD7620096C500 /* purebasic.min.css */; };
		AB1D8D6C296FD7630096C500 /* github.min.css in Resources */ = {isa = PBXBuildFile; fileRef = AB1D8AE6296FD7620096C500 /* github.min.css */; };
		AB1D8D6D296FD7630096C500 /* nord.min.css in Resources */ = {isa = PBXBuildFile; fileRef = AB1D8AE7296FD7620096C500 /* nord.min.css */; };
		AB1D8D6E296FD7630096C500 /* dark.min.css in Resources */ = {isa = PBXBuildFile; fileRef = AB1D8AE8296FD7620096C500 /* dark.min.css */; };
		AB1D8D6F296FD7630096C500 /* atom-one-light.min.css in Resources */ = {isa = PBXBuildFile; fileRef = AB1D8AE9296FD7620096C500 /* atom-one-light.min.css */; };
		AB1D8D70296FD7630096C500 /* monokai.min.css in Resources */ = {isa = PBXBuildFile; fileRef = AB1D8AEA296FD7620096C500 /* monokai.min.css */; };
		AB1D8D71296FD7630096C500 /* qtcreator-dark.min.css in Resources */ = {isa = PBXBuildFile; fileRef = AB1D8AEB296FD7620096C500 /* qtcreator-dark.min.css */; };
		AB1D8D72296FD7630096C500 /* docco.min.css in Resources */ = {isa = PBXBuildFile; fileRef = AB1D8AEC296FD7620096C500 /* docco.min.css */; };
		AB1D8D73296FD7630096C500 /* default.min.css in Resources */ = {isa = PBXBuildFile; fileRef = AB1D8AED296FD7620096C500 /* default.min.css */; };
		AB1D8D74296FD7630096C500 /* ascetic.min.css in Resources */ = {isa = PBXBuildFile; fileRef = AB1D8AEE296FD7620096C500 /* ascetic.min.css */; };
		AB1D8D75296FD7630096C500 /* isbl-editor-light.min.css in Resources */ = {isa = PBXBuildFile; fileRef = AB1D8AEF296FD7620096C500 /* isbl-editor-light.min.css */; };
		AB1D8D76296FD7630096C500 /* nnfx-dark.min.css in Resources */ = {isa = PBXBuildFile; fileRef = AB1D8AF0296FD7620096C500 /* nnfx-dark.min.css */; };
		AB1D8D77296FD7630096C500 /* a11y-dark.min.css in Resources */ = {isa = PBXBuildFile; fileRef = AB1D8AF1296FD7620096C500 /* a11y-dark.min.css */; };
		AB1D8D78296FD7630096C500 /* ir-black.min.css in Resources */ = {isa = PBXBuildFile; fileRef = AB1D8AF2296FD7620096C500 /* ir-black.min.css */; };
		AB1D8D79296FD7630096C500 /* tomorrow-night-bright.min.css in Resources */ = {isa = PBXBuildFile; fileRef = AB1D8AF3296FD7620096C500 /* tomorrow-night-bright.min.css */; };
		AB1D8D7A296FD7630096C500 /* foundation.min.css in Resources */ = {isa = PBXBuildFile; fileRef = AB1D8AF4296FD7620096C500 /* foundation.min.css */; };
		AB1D8D7B296FD7630096C500 /* codepen-embed.min.css in Resources */ = {isa = PBXBuildFile; fileRef = AB1D8AF5296FD7620096C500 /* codepen-embed.min.css */; };
		AB1D8D7C296FD7630096C500 /* googlecode.min.css in Resources */ = {isa = PBXBuildFile; fileRef = AB1D8AF6296FD7620096C500 /* googlecode.min.css */; };
		AB1D8D7D296FD7630096C500 /* atom-one-dark-reasonable.min.css in Resources */ = {isa = PBXBuildFile; fileRef = AB1D8AF7296FD7620096C500 /* atom-one-dark-reasonable.min.css */; };
		AB1D8D7E296FD7630096C500 /* paraiso-dark.min.css in Resources */ = {isa = PBXBuildFile; fileRef = AB1D8AF8296FD7620096C500 /* paraiso-dark.min.css */; };
		AB1D8D7F296FD7630096C500 /* lioshi.min.css in Resources */ = {isa = PBXBuildFile; fileRef = AB1D8AF9296FD7620096C500 /* lioshi.min.css */; };
		AB1D8D80296FD7630096C500 /* brown-papersq.png in Resources */ = {isa = PBXBuildFile; fileRef = AB1D8AFA296FD7620096C500 /* brown-papersq.png */; };
		AB1D8D81296FD7630096C500 /* androidstudio.min.css in Resources */ = {isa = PBXBuildFile; fileRef = AB1D8AFB296FD7620096C500 /* androidstudio.min.css */; };
		AB1D8D82296FD7630096C500 /* grayscale.min.css in Resources */ = {isa = PBXBuildFile; fileRef = AB1D8AFC296FD7620096C500 /* grayscale.min.css */; };
		AB1D8D83296FD7630096C500 /* sunburst.min.css in Resources */ = {isa = PBXBuildFile; fileRef = AB1D8AFD296FD7620096C500 /* sunburst.min.css */; };
		AB1D8D84296FD7630096C500 /* agate.min.css in Resources */ = {isa = PBXBuildFile; fileRef = AB1D8AFE296FD7620096C500 /* agate.min.css */; };
		AB1D8D85296FD7630096C500 /* hybrid.min.css in Resources */ = {isa = PBXBuildFile; fileRef = AB1D8AFF296FD7620096C500 /* hybrid.min.css */; };
		AB1D8D86296FD7630096C500 /* gradient-light.min.css in Resources */ = {isa = PBXBuildFile; fileRef = AB1D8B00296FD7620096C500 /* gradient-light.min.css */; };
		AB1D8D87296FD7630096C500 /* monokai-sublime.min.css in Resources */ = {isa = PBXBuildFile; fileRef = AB1D8B01296FD7620096C500 /* monokai-sublime.min.css */; };
		AB1D8D88296FD7630096C500 /* an-old-hope.min.css in Resources */ = {isa = PBXBuildFile; fileRef = AB1D8B02296FD7620096C500 /* an-old-hope.min.css */; };
		AB1D8D89296FD7630096C500 /* highlight.js in Resources */ = {isa = PBXBuildFile; fileRef = AB1D8B03296FD7620096C500 /* highlight.js */; };
		AB1D8D8A296FD7630096C500 /* package.json in Resources */ = {isa = PBXBuildFile; fileRef = AB1D8B04296FD7620096C500 /* package.json */; };
		AB1D8D8B296FD7630096C500 /* highlight.min.js in Resources */ = {isa = PBXBuildFile; fileRef = AB1D8B05296FD7620096C500 /* highlight.min.js */; };
		AB1D8E55296FEA490096C500 /* index.html in Resources */ = {isa = PBXBuildFile; fileRef = AB1D8E54296FEA490096C500 /* index.html */; };
		AB2D029F2925D39200743FBE /* V_MainPage.swift in Sources */ = {isa = PBXBuildFile; fileRef = AB2D029E2925D39200743FBE /* V_MainPage.swift */; };
		AB2D02A22925DFCC00743FBE /* V_ReusableUI.swift in Sources */ = {isa = PBXBuildFile; fileRef = AB2D02A12925DFCC00743FBE /* V_ReusableUI.swift */; };
		AB3044F72925C981002B70DD /* QuizViewModel.swift in Sources */ = {isa = PBXBuildFile; fileRef = AB3044F62925C981002B70DD /* QuizViewModel.swift */; };
		AB48A85029474C1800EA9D17 /* ContentView.swift in Sources */ = {isa = PBXBuildFile; fileRef = AB48A84F29474C1800EA9D17 /* ContentView.swift */; };
		AB944E9C28F24113002C3DDA /* Codicea.swift in Sources */ = {isa = PBXBuildFile; fileRef = AB944E9B28F24113002C3DDA /* Codicea.swift */; };
		AB944E9E28F24113002C3DDA /* V_QuizList.swift in Sources */ = {isa = PBXBuildFile; fileRef = AB944E9D28F24113002C3DDA /* V_QuizList.swift */; };
		AB944EA028F24114002C3DDA /* Assets.xcassets in Resources */ = {isa = PBXBuildFile; fileRef = AB944E9F28F24114002C3DDA /* Assets.xcassets */; };
		AB944ECA28F24205002C3DDA /* V_SlideCardStack.swift in Sources */ = {isa = PBXBuildFile; fileRef = AB944EC928F24205002C3DDA /* V_SlideCardStack.swift */; };
		AB944ED028F24503002C3DDA /* quizzesData.json in Resources */ = {isa = PBXBuildFile; fileRef = AB944ECF28F24503002C3DDA /* quizzesData.json */; };
		AB944ED228F24743002C3DDA /* Quiz.swift in Sources */ = {isa = PBXBuildFile; fileRef = AB944ED128F24743002C3DDA /* Quiz.swift */; };
		AB9668B6294ABAF50006359B /* V_ResultsPage.swift in Sources */ = {isa = PBXBuildFile; fileRef = AB9668B5294ABAF50006359B /* V_ResultsPage.swift */; };
		AB9668B8294B390A0006359B /* V_ReviewPage.swift in Sources */ = {isa = PBXBuildFile; fileRef = AB9668B7294B390A0006359B /* V_ReviewPage.swift */; };
		AB9EDAB0296FCC4F00A96F54 /* WebView.swift in Sources */ = {isa = PBXBuildFile; fileRef = AB9EDAAF296FCC4F00A96F54 /* WebView.swift */; };
		AB9EDAB2296FD1D200A96F54 /* V_QuestionWebView.swift in Sources */ = {isa = PBXBuildFile; fileRef = AB9EDAB1296FD1D200A96F54 /* V_QuestionWebView.swift */; };
		ABBA4AF6291B848100F4B1D4 /* V_SplashScreen.swift in Sources */ = {isa = PBXBuildFile; fileRef = ABBA4AF5291B848100F4B1D4 /* V_SplashScreen.swift */; };
		ABD119EE2927E75B0000B886 /* V_CheckMarkIcon.swift in Sources */ = {isa = PBXBuildFile; fileRef = ABD119ED2927E75B0000B886 /* V_CheckMarkIcon.swift */; };
		ABD119F02927FC060000B886 /* V_CardButtons.swift in Sources */ = {isa = PBXBuildFile; fileRef = ABD119EF2927FC060000B886 /* V_CardButtons.swift */; };
/* End PBXBuildFile section */

/* Begin PBXFileReference section */
		AB0B24C429712BAF00E98042 /* style.css */ = {isa = PBXFileReference; lastKnownFileType = text.css; path = style.css; sourceTree = "<group>"; };
		AB18944B2908E97B00D0C421 /* F_Main.swift */ = {isa = PBXFileReference; lastKnownFileType = sourcecode.swift; path = F_Main.swift; sourceTree = "<group>"; };
		AB1D8943296FD7620096C500 /* DIGESTS.md */ = {isa = PBXFileReference; fileEncoding = 4; lastKnownFileType = net.daringfireball.markdown; path = DIGESTS.md; sourceTree = "<group>"; };
		AB1D8944296FD7620096C500 /* LICENSE */ = {isa = PBXFileReference; fileEncoding = 4; lastKnownFileType = text; path = LICENSE; sourceTree = "<group>"; };
		AB1D8969296FD7620096C500 /* python.min.js */ = {isa = PBXFileReference; fileEncoding = 4; lastKnownFileType = sourcecode.javascript; path = python.min.js; sourceTree = "<group>"; };
		AB1D8A06296FD7620096C500 /* README.md */ = {isa = PBXFileReference; fileEncoding = 4; lastKnownFileType = net.daringfireball.markdown; path = README.md; sourceTree = "<group>"; };
		AB1D8A08296FD7620096C500 /* vs.min.css */ = {isa = PBXFileReference; fileEncoding = 4; lastKnownFileType = text.css; path = vs.min.css; sourceTree = "<group>"; };
		AB1D8A09296FD7620096C500 /* isbl-editor-dark.min.css */ = {isa = PBXFileReference; fileEncoding = 4; lastKnownFileType = text.css; path = "isbl-editor-dark.min.css"; sourceTree = "<group>"; };
		AB1D8A0A296FD7620096C500 /* qtcreator-light.min.css */ = {isa = PBXFileReference; fileEncoding = 4; lastKnownFileType = text.css; path = "qtcreator-light.min.css"; sourceTree = "<group>"; };
		AB1D8A0B296FD7620096C500 /* srcery.min.css */ = {isa = PBXFileReference; fileEncoding = 4; lastKnownFileType = text.css; path = srcery.min.css; sourceTree = "<group>"; };
		AB1D8A0C296FD7620096C500 /* brown-paper.min.css */ = {isa = PBXFileReference; fileEncoding = 4; lastKnownFileType = text.css; path = "brown-paper.min.css"; sourceTree = "<group>"; };
		AB1D8A0D296FD7620096C500 /* felipec.min.css */ = {isa = PBXFileReference; fileEncoding = 4; lastKnownFileType = text.css; path = felipec.min.css; sourceTree = "<group>"; };
		AB1D8A0E296FD7620096C500 /* night-owl.min.css */ = {isa = PBXFileReference; fileEncoding = 4; lastKnownFileType = text.css; path = "night-owl.min.css"; sourceTree = "<group>"; };
		AB1D8A0F296FD7620096C500 /* school-book.min.css */ = {isa = PBXFileReference; fileEncoding = 4; lastKnownFileType = text.css; path = "school-book.min.css"; sourceTree = "<group>"; };
		AB1D8A10296FD7620096C500 /* xcode.min.css */ = {isa = PBXFileReference; fileEncoding = 4; lastKnownFileType = text.css; path = xcode.min.css; sourceTree = "<group>"; };
		AB1D8A11296FD7620096C500 /* tomorrow-night-blue.min.css */ = {isa = PBXFileReference; fileEncoding = 4; lastKnownFileType = text.css; path = "tomorrow-night-blue.min.css"; sourceTree = "<group>"; };
		AB1D8A12296FD7620096C500 /* vs2015.min.css */ = {isa = PBXFileReference; fileEncoding = 4; lastKnownFileType = text.css; path = vs2015.min.css; sourceTree = "<group>"; };
		AB1D8A13296FD7620096C500 /* paraiso-light.min.css */ = {isa = PBXFileReference; fileEncoding = 4; lastKnownFileType = text.css; path = "paraiso-light.min.css"; sourceTree = "<group>"; };
		AB1D8A14296FD7620096C500 /* rainbow.min.css */ = {isa = PBXFileReference; fileEncoding = 4; lastKnownFileType = text.css; path = rainbow.min.css; sourceTree = "<group>"; };
		AB1D8A15296FD7620096C500 /* a11y-light.min.css */ = {isa = PBXFileReference; fileEncoding = 4; lastKnownFileType = text.css; path = "a11y-light.min.css"; sourceTree = "<group>"; };
		AB1D8A16296FD7620096C500 /* stackoverflow-dark.min.css */ = {isa = PBXFileReference; fileEncoding = 4; lastKnownFileType = text.css; path = "stackoverflow-dark.min.css"; sourceTree = "<group>"; };
		AB1D8A17296FD7620096C500 /* pojoaque.jpg */ = {isa = PBXFileReference; lastKnownFileType = image.jpeg; path = pojoaque.jpg; sourceTree = "<group>"; };
		AB1D8A18296FD7620096C500 /* far.min.css */ = {isa = PBXFileReference; fileEncoding = 4; lastKnownFileType = text.css; path = far.min.css; sourceTree = "<group>"; };
		AB1D8A19296FD7620096C500 /* github-dark.min.css */ = {isa = PBXFileReference; fileEncoding = 4; lastKnownFileType = text.css; path = "github-dark.min.css"; sourceTree = "<group>"; };
		AB1D8A1A296FD7620096C500 /* panda-syntax-light.min.css */ = {isa = PBXFileReference; fileEncoding = 4; lastKnownFileType = text.css; path = "panda-syntax-light.min.css"; sourceTree = "<group>"; };
		AB1D8A1B296FD7620096C500 /* tokyo-night-light.min.css */ = {isa = PBXFileReference; fileEncoding = 4; lastKnownFileType = text.css; path = "tokyo-night-light.min.css"; sourceTree = "<group>"; };
		AB1D8A1C296FD7620096C500 /* shades-of-purple.min.css */ = {isa = PBXFileReference; fileEncoding = 4; lastKnownFileType = text.css; path = "shades-of-purple.min.css"; sourceTree = "<group>"; };
		AB1D8A1D296FD7620096C500 /* stackoverflow-light.min.css */ = {isa = PBXFileReference; fileEncoding = 4; lastKnownFileType = text.css; path = "stackoverflow-light.min.css"; sourceTree = "<group>"; };
		AB1D8A1E296FD7620096C500 /* tokyo-night-dark.min.css */ = {isa = PBXFileReference; fileEncoding = 4; lastKnownFileType = text.css; path = "tokyo-night-dark.min.css"; sourceTree = "<group>"; };
		AB1D8A1F296FD7620096C500 /* kimbie-dark.min.css */ = {isa = PBXFileReference; fileEncoding = 4; lastKnownFileType = text.css; path = "kimbie-dark.min.css"; sourceTree = "<group>"; };
		AB1D8A20296FD7620096C500 /* github-dark-dimmed.min.css */ = {isa = PBXFileReference; fileEncoding = 4; lastKnownFileType = text.css; path = "github-dark-dimmed.min.css"; sourceTree = "<group>"; };
		AB1D8A21296FD7620096C500 /* xt256.min.css */ = {isa = PBXFileReference; fileEncoding = 4; lastKnownFileType = text.css; path = xt256.min.css; sourceTree = "<group>"; };
		AB1D8A22296FD7620096C500 /* mono-blue.min.css */ = {isa = PBXFileReference; fileEncoding = 4; lastKnownFileType = text.css; path = "mono-blue.min.css"; sourceTree = "<group>"; };
		AB1D8A23296FD7620096C500 /* devibeans.min.css */ = {isa = PBXFileReference; fileEncoding = 4; lastKnownFileType = text.css; path = devibeans.min.css; sourceTree = "<group>"; };
		AB1D8A24296FD7620096C500 /* atom-one-dark.min.css */ = {isa = PBXFileReference; fileEncoding = 4; lastKnownFileType = text.css; path = "atom-one-dark.min.css"; sourceTree = "<group>"; };
		AB1D8A25296FD7620096C500 /* gradient-dark.min.css */ = {isa = PBXFileReference; fileEncoding = 4; lastKnownFileType = text.css; path = "gradient-dark.min.css"; sourceTree = "<group>"; };
		AB1D8A26296FD7620096C500 /* color-brewer.min.css */ = {isa = PBXFileReference; fileEncoding = 4; lastKnownFileType = text.css; path = "color-brewer.min.css"; sourceTree = "<group>"; };
		AB1D8A27296FD7620096C500 /* pojoaque.min.css */ = {isa = PBXFileReference; fileEncoding = 4; lastKnownFileType = text.css; path = pojoaque.min.css; sourceTree = "<group>"; };
		AB1D8A28296FD7620096C500 /* routeros.min.css */ = {isa = PBXFileReference; fileEncoding = 4; lastKnownFileType = text.css; path = routeros.min.css; sourceTree = "<group>"; };
		AB1D8A29296FD7620096C500 /* gml.min.css */ = {isa = PBXFileReference; fileEncoding = 4; lastKnownFileType = text.css; path = gml.min.css; sourceTree = "<group>"; };
		AB1D8A2A296FD7620096C500 /* obsidian.min.css */ = {isa = PBXFileReference; fileEncoding = 4; lastKnownFileType = text.css; path = obsidian.min.css; sourceTree = "<group>"; };
		AB1D8A2B296FD7620096C500 /* kimbie-light.min.css */ = {isa = PBXFileReference; fileEncoding = 4; lastKnownFileType = text.css; path = "kimbie-light.min.css"; sourceTree = "<group>"; };
		AB1D8A2C296FD7620096C500 /* lightfair.min.css */ = {isa = PBXFileReference; fileEncoding = 4; lastKnownFileType = text.css; path = lightfair.min.css; sourceTree = "<group>"; };
		AB1D8A2D296FD7620096C500 /* idea.min.css */ = {isa = PBXFileReference; fileEncoding = 4; lastKnownFileType = text.css; path = idea.min.css; sourceTree = "<group>"; };
		AB1D8A2E296FD7620096C500 /* nnfx-light.min.css */ = {isa = PBXFileReference; fileEncoding = 4; lastKnownFileType = text.css; path = "nnfx-light.min.css"; sourceTree = "<group>"; };
		AB1D8A2F296FD7620096C500 /* arduino-light.min.css */ = {isa = PBXFileReference; fileEncoding = 4; lastKnownFileType = text.css; path = "arduino-light.min.css"; sourceTree = "<group>"; };
		AB1D8A30296FD7620096C500 /* intellij-light.min.css */ = {isa = PBXFileReference; fileEncoding = 4; lastKnownFileType = text.css; path = "intellij-light.min.css"; sourceTree = "<group>"; };
		AB1D8A31296FD7620096C500 /* panda-syntax-dark.min.css */ = {isa = PBXFileReference; fileEncoding = 4; lastKnownFileType = text.css; path = "panda-syntax-dark.min.css"; sourceTree = "<group>"; };
		AB1D8A32296FD7620096C500 /* magula.min.css */ = {isa = PBXFileReference; fileEncoding = 4; lastKnownFileType = text.css; path = magula.min.css; sourceTree = "<group>"; };
		AB1D8A33296FD7620096C500 /* arta.min.css */ = {isa = PBXFileReference; fileEncoding = 4; lastKnownFileType = text.css; path = arta.min.css; sourceTree = "<group>"; };
		AB1D8A34296FD7620096C500 /* purebasic.min.css */ = {isa = PBXFileReference; fileEncoding = 4; lastKnownFileType = text.css; path = purebasic.min.css; sourceTree = "<group>"; };
		AB1D8AE6296FD7620096C500 /* github.min.css */ = {isa = PBXFileReference; fileEncoding = 4; lastKnownFileType = text.css; path = github.min.css; sourceTree = "<group>"; };
		AB1D8AE7296FD7620096C500 /* nord.min.css */ = {isa = PBXFileReference; fileEncoding = 4; lastKnownFileType = text.css; path = nord.min.css; sourceTree = "<group>"; };
		AB1D8AE8296FD7620096C500 /* dark.min.css */ = {isa = PBXFileReference; fileEncoding = 4; lastKnownFileType = text.css; path = dark.min.css; sourceTree = "<group>"; };
		AB1D8AE9296FD7620096C500 /* atom-one-light.min.css */ = {isa = PBXFileReference; fileEncoding = 4; lastKnownFileType = text.css; path = "atom-one-light.min.css"; sourceTree = "<group>"; };
		AB1D8AEA296FD7620096C500 /* monokai.min.css */ = {isa = PBXFileReference; fileEncoding = 4; lastKnownFileType = text.css; path = monokai.min.css; sourceTree = "<group>"; };
		AB1D8AEB296FD7620096C500 /* qtcreator-dark.min.css */ = {isa = PBXFileReference; fileEncoding = 4; lastKnownFileType = text.css; path = "qtcreator-dark.min.css"; sourceTree = "<group>"; };
		AB1D8AEC296FD7620096C500 /* docco.min.css */ = {isa = PBXFileReference; fileEncoding = 4; lastKnownFileType = text.css; path = docco.min.css; sourceTree = "<group>"; };
		AB1D8AED296FD7620096C500 /* default.min.css */ = {isa = PBXFileReference; fileEncoding = 4; lastKnownFileType = text.css; path = default.min.css; sourceTree = "<group>"; };
		AB1D8AEE296FD7620096C500 /* ascetic.min.css */ = {isa = PBXFileReference; fileEncoding = 4; lastKnownFileType = text.css; path = ascetic.min.css; sourceTree = "<group>"; };
		AB1D8AEF296FD7620096C500 /* isbl-editor-light.min.css */ = {isa = PBXFileReference; fileEncoding = 4; lastKnownFileType = text.css; path = "isbl-editor-light.min.css"; sourceTree = "<group>"; };
		AB1D8AF0296FD7620096C500 /* nnfx-dark.min.css */ = {isa = PBXFileReference; fileEncoding = 4; lastKnownFileType = text.css; path = "nnfx-dark.min.css"; sourceTree = "<group>"; };
		AB1D8AF1296FD7620096C500 /* a11y-dark.min.css */ = {isa = PBXFileReference; fileEncoding = 4; lastKnownFileType = text.css; path = "a11y-dark.min.css"; sourceTree = "<group>"; };
		AB1D8AF2296FD7620096C500 /* ir-black.min.css */ = {isa = PBXFileReference; fileEncoding = 4; lastKnownFileType = text.css; path = "ir-black.min.css"; sourceTree = "<group>"; };
		AB1D8AF3296FD7620096C500 /* tomorrow-night-bright.min.css */ = {isa = PBXFileReference; fileEncoding = 4; lastKnownFileType = text.css; path = "tomorrow-night-bright.min.css"; sourceTree = "<group>"; };
		AB1D8AF4296FD7620096C500 /* foundation.min.css */ = {isa = PBXFileReference; fileEncoding = 4; lastKnownFileType = text.css; path = foundation.min.css; sourceTree = "<group>"; };
		AB1D8AF5296FD7620096C500 /* codepen-embed.min.css */ = {isa = PBXFileReference; fileEncoding = 4; lastKnownFileType = text.css; path = "codepen-embed.min.css"; sourceTree = "<group>"; };
		AB1D8AF6296FD7620096C500 /* googlecode.min.css */ = {isa = PBXFileReference; fileEncoding = 4; lastKnownFileType = text.css; path = googlecode.min.css; sourceTree = "<group>"; };
		AB1D8AF7296FD7620096C500 /* atom-one-dark-reasonable.min.css */ = {isa = PBXFileReference; fileEncoding = 4; lastKnownFileType = text.css; path = "atom-one-dark-reasonable.min.css"; sourceTree = "<group>"; };
		AB1D8AF8296FD7620096C500 /* paraiso-dark.min.css */ = {isa = PBXFileReference; fileEncoding = 4; lastKnownFileType = text.css; path = "paraiso-dark.min.css"; sourceTree = "<group>"; };
		AB1D8AF9296FD7620096C500 /* lioshi.min.css */ = {isa = PBXFileReference; fileEncoding = 4; lastKnownFileType = text.css; path = lioshi.min.css; sourceTree = "<group>"; };
		AB1D8AFA296FD7620096C500 /* brown-papersq.png */ = {isa = PBXFileReference; lastKnownFileType = image.png; path = "brown-papersq.png"; sourceTree = "<group>"; };
		AB1D8AFB296FD7620096C500 /* androidstudio.min.css */ = {isa = PBXFileReference; fileEncoding = 4; lastKnownFileType = text.css; path = androidstudio.min.css; sourceTree = "<group>"; };
		AB1D8AFC296FD7620096C500 /* grayscale.min.css */ = {isa = PBXFileReference; fileEncoding = 4; lastKnownFileType = text.css; path = grayscale.min.css; sourceTree = "<group>"; };
		AB1D8AFD296FD7620096C500 /* sunburst.min.css */ = {isa = PBXFileReference; fileEncoding = 4; lastKnownFileType = text.css; path = sunburst.min.css; sourceTree = "<group>"; };
		AB1D8AFE296FD7620096C500 /* agate.min.css */ = {isa = PBXFileReference; fileEncoding = 4; lastKnownFileType = text.css; path = agate.min.css; sourceTree = "<group>"; };
		AB1D8AFF296FD7620096C500 /* hybrid.min.css */ = {isa = PBXFileReference; fileEncoding = 4; lastKnownFileType = text.css; path = hybrid.min.css; sourceTree = "<group>"; };
		AB1D8B00296FD7620096C500 /* gradient-light.min.css */ = {isa = PBXFileReference; fileEncoding = 4; lastKnownFileType = text.css; path = "gradient-light.min.css"; sourceTree = "<group>"; };
		AB1D8B01296FD7620096C500 /* monokai-sublime.min.css */ = {isa = PBXFileReference; fileEncoding = 4; lastKnownFileType = text.css; path = "monokai-sublime.min.css"; sourceTree = "<group>"; };
		AB1D8B02296FD7620096C500 /* an-old-hope.min.css */ = {isa = PBXFileReference; fileEncoding = 4; lastKnownFileType = text.css; path = "an-old-hope.min.css"; sourceTree = "<group>"; };
		AB1D8B03296FD7620096C500 /* highlight.js */ = {isa = PBXFileReference; fileEncoding = 4; lastKnownFileType = sourcecode.javascript; path = highlight.js; sourceTree = "<group>"; };
		AB1D8B04296FD7620096C500 /* package.json */ = {isa = PBXFileReference; fileEncoding = 4; lastKnownFileType = text.json; path = package.json; sourceTree = "<group>"; };
		AB1D8B05296FD7620096C500 /* highlight.min.js */ = {isa = PBXFileReference; fileEncoding = 4; lastKnownFileType = sourcecode.javascript; path = highlight.min.js; sourceTree = "<group>"; };
		AB1D8E54296FEA490096C500 /* index.html */ = {isa = PBXFileReference; lastKnownFileType = text.html; name = index.html; path = Codicea/Views/index.html; sourceTree = SOURCE_ROOT; };
		AB2D029E2925D39200743FBE /* V_MainPage.swift */ = {isa = PBXFileReference; lastKnownFileType = sourcecode.swift; path = V_MainPage.swift; sourceTree = "<group>"; };
		AB2D02A12925DFCC00743FBE /* V_ReusableUI.swift */ = {isa = PBXFileReference; lastKnownFileType = sourcecode.swift; path = V_ReusableUI.swift; sourceTree = "<group>"; };
		AB3044F62925C981002B70DD /* QuizViewModel.swift */ = {isa = PBXFileReference; lastKnownFileType = sourcecode.swift; path = QuizViewModel.swift; sourceTree = "<group>"; };
		AB48A84F29474C1800EA9D17 /* ContentView.swift */ = {isa = PBXFileReference; lastKnownFileType = sourcecode.swift; path = ContentView.swift; sourceTree = "<group>"; };
		AB944E9828F24113002C3DDA /* CodIcea.app */ = {isa = PBXFileReference; explicitFileType = wrapper.application; includeInIndex = 0; path = CodIcea.app; sourceTree = BUILT_PRODUCTS_DIR; };
		AB944E9B28F24113002C3DDA /* Codicea.swift */ = {isa = PBXFileReference; lastKnownFileType = sourcecode.swift; path = Codicea.swift; sourceTree = "<group>"; };
		AB944E9D28F24113002C3DDA /* V_QuizList.swift */ = {isa = PBXFileReference; lastKnownFileType = sourcecode.swift; path = V_QuizList.swift; sourceTree = "<group>"; };
		AB944E9F28F24114002C3DDA /* Assets.xcassets */ = {isa = PBXFileReference; lastKnownFileType = folder.assetcatalog; path = Assets.xcassets; sourceTree = "<group>"; };
		AB944EC928F24205002C3DDA /* V_SlideCardStack.swift */ = {isa = PBXFileReference; lastKnownFileType = sourcecode.swift; path = V_SlideCardStack.swift; sourceTree = "<group>"; };
		AB944ECF28F24503002C3DDA /* quizzesData.json */ = {isa = PBXFileReference; fileEncoding = 4; lastKnownFileType = text.json; path = quizzesData.json; sourceTree = "<group>"; };
		AB944ED128F24743002C3DDA /* Quiz.swift */ = {isa = PBXFileReference; lastKnownFileType = sourcecode.swift; path = Quiz.swift; sourceTree = "<group>"; };
		AB9668B5294ABAF50006359B /* V_ResultsPage.swift */ = {isa = PBXFileReference; lastKnownFileType = sourcecode.swift; path = V_ResultsPage.swift; sourceTree = "<group>"; };
		AB9668B7294B390A0006359B /* V_ReviewPage.swift */ = {isa = PBXFileReference; lastKnownFileType = sourcecode.swift; path = V_ReviewPage.swift; sourceTree = "<group>"; };
		AB9EDAAF296FCC4F00A96F54 /* WebView.swift */ = {isa = PBXFileReference; lastKnownFileType = sourcecode.swift; path = WebView.swift; sourceTree = "<group>"; };
		AB9EDAB1296FD1D200A96F54 /* V_QuestionWebView.swift */ = {isa = PBXFileReference; lastKnownFileType = sourcecode.swift; path = V_QuestionWebView.swift; sourceTree = "<group>"; };
		ABBA4AF5291B848100F4B1D4 /* V_SplashScreen.swift */ = {isa = PBXFileReference; lastKnownFileType = sourcecode.swift; path = V_SplashScreen.swift; sourceTree = "<group>"; };
		ABD119ED2927E75B0000B886 /* V_CheckMarkIcon.swift */ = {isa = PBXFileReference; lastKnownFileType = sourcecode.swift; path = V_CheckMarkIcon.swift; sourceTree = "<group>"; };
		ABD119EF2927FC060000B886 /* V_CardButtons.swift */ = {isa = PBXFileReference; lastKnownFileType = sourcecode.swift; path = V_CardButtons.swift; sourceTree = "<group>"; };
/* End PBXFileReference section */

/* Begin PBXFrameworksBuildPhase section */
		AB944E9528F24113002C3DDA /* Frameworks */ = {
			isa = PBXFrameworksBuildPhase;
			buildActionMask = 2147483647;
			files = (
			);
			runOnlyForDeploymentPostprocessing = 0;
		};
/* End PBXFrameworksBuildPhase section */

/* Begin PBXGroup section */
		AB1D8942296FD7620096C500 /* Highlight */ = {
			isa = PBXGroup;
			children = (
				AB1D8943296FD7620096C500 /* DIGESTS.md */,
				AB1D8944296FD7620096C500 /* LICENSE */,
				AB1D8945296FD7620096C500 /* languages */,
				AB1D8A06296FD7620096C500 /* README.md */,
				AB1D8A07296FD7620096C500 /* styles */,
				AB1D8B03296FD7620096C500 /* highlight.js */,
				AB1D8B04296FD7620096C500 /* package.json */,
				AB1D8B05296FD7620096C500 /* highlight.min.js */,
				AB0B24C429712BAF00E98042 /* style.css */,
			);
			path = Highlight;
			sourceTree = "<group>";
		};
		AB1D8945296FD7620096C500 /* languages */ = {
			isa = PBXGroup;
			children = (
				AB1D8969296FD7620096C500 /* python.min.js */,
			);
			path = languages;
			sourceTree = "<group>";
		};
		AB1D8A07296FD7620096C500 /* styles */ = {
			isa = PBXGroup;
			children = (
				AB1D8A08296FD7620096C500 /* vs.min.css */,
				AB1D8A09296FD7620096C500 /* isbl-editor-dark.min.css */,
				AB1D8A0A296FD7620096C500 /* qtcreator-light.min.css */,
				AB1D8A0B296FD7620096C500 /* srcery.min.css */,
				AB1D8A0C296FD7620096C500 /* brown-paper.min.css */,
				AB1D8A0D296FD7620096C500 /* felipec.min.css */,
				AB1D8A0E296FD7620096C500 /* night-owl.min.css */,
				AB1D8A0F296FD7620096C500 /* school-book.min.css */,
				AB1D8A10296FD7620096C500 /* xcode.min.css */,
				AB1D8A11296FD7620096C500 /* tomorrow-night-blue.min.css */,
				AB1D8A12296FD7620096C500 /* vs2015.min.css */,
				AB1D8A13296FD7620096C500 /* paraiso-light.min.css */,
				AB1D8A14296FD7620096C500 /* rainbow.min.css */,
				AB1D8A15296FD7620096C500 /* a11y-light.min.css */,
				AB1D8A16296FD7620096C500 /* stackoverflow-dark.min.css */,
				AB1D8A17296FD7620096C500 /* pojoaque.jpg */,
				AB1D8A18296FD7620096C500 /* far.min.css */,
				AB1D8A19296FD7620096C500 /* github-dark.min.css */,
				AB1D8A1A296FD7620096C500 /* panda-syntax-light.min.css */,
				AB1D8A1B296FD7620096C500 /* tokyo-night-light.min.css */,
				AB1D8A1C296FD7620096C500 /* shades-of-purple.min.css */,
				AB1D8A1D296FD7620096C500 /* stackoverflow-light.min.css */,
				AB1D8A1E296FD7620096C500 /* tokyo-night-dark.min.css */,
				AB1D8A1F296FD7620096C500 /* kimbie-dark.min.css */,
				AB1D8A20296FD7620096C500 /* github-dark-dimmed.min.css */,
				AB1D8A21296FD7620096C500 /* xt256.min.css */,
				AB1D8A22296FD7620096C500 /* mono-blue.min.css */,
				AB1D8A23296FD7620096C500 /* devibeans.min.css */,
				AB1D8A24296FD7620096C500 /* atom-one-dark.min.css */,
				AB1D8A25296FD7620096C500 /* gradient-dark.min.css */,
				AB1D8A26296FD7620096C500 /* color-brewer.min.css */,
				AB1D8A27296FD7620096C500 /* pojoaque.min.css */,
				AB1D8A28296FD7620096C500 /* routeros.min.css */,
				AB1D8A29296FD7620096C500 /* gml.min.css */,
				AB1D8A2A296FD7620096C500 /* obsidian.min.css */,
				AB1D8A2B296FD7620096C500 /* kimbie-light.min.css */,
				AB1D8A2C296FD7620096C500 /* lightfair.min.css */,
				AB1D8A2D296FD7620096C500 /* idea.min.css */,
				AB1D8A2E296FD7620096C500 /* nnfx-light.min.css */,
				AB1D8A2F296FD7620096C500 /* arduino-light.min.css */,
				AB1D8A30296FD7620096C500 /* intellij-light.min.css */,
				AB1D8A31296FD7620096C500 /* panda-syntax-dark.min.css */,
				AB1D8A32296FD7620096C500 /* magula.min.css */,
				AB1D8A33296FD7620096C500 /* arta.min.css */,
				AB1D8A34296FD7620096C500 /* purebasic.min.css */,
				AB1D8AE6296FD7620096C500 /* github.min.css */,
				AB1D8AE7296FD7620096C500 /* nord.min.css */,
				AB1D8AE8296FD7620096C500 /* dark.min.css */,
				AB1D8AE9296FD7620096C500 /* atom-one-light.min.css */,
				AB1D8AEA296FD7620096C500 /* monokai.min.css */,
				AB1D8AEB296FD7620096C500 /* qtcreator-dark.min.css */,
				AB1D8AEC296FD7620096C500 /* docco.min.css */,
				AB1D8AED296FD7620096C500 /* default.min.css */,
				AB1D8AEE296FD7620096C500 /* ascetic.min.css */,
				AB1D8AEF296FD7620096C500 /* isbl-editor-light.min.css */,
				AB1D8AF0296FD7620096C500 /* nnfx-dark.min.css */,
				AB1D8AF1296FD7620096C500 /* a11y-dark.min.css */,
				AB1D8AF2296FD7620096C500 /* ir-black.min.css */,
				AB1D8AF3296FD7620096C500 /* tomorrow-night-bright.min.css */,
				AB1D8AF4296FD7620096C500 /* foundation.min.css */,
				AB1D8AF5296FD7620096C500 /* codepen-embed.min.css */,
				AB1D8AF6296FD7620096C500 /* googlecode.min.css */,
				AB1D8AF7296FD7620096C500 /* atom-one-dark-reasonable.min.css */,
				AB1D8AF8296FD7620096C500 /* paraiso-dark.min.css */,
				AB1D8AF9296FD7620096C500 /* lioshi.min.css */,
				AB1D8AFA296FD7620096C500 /* brown-papersq.png */,
				AB1D8AFB296FD7620096C500 /* androidstudio.min.css */,
				AB1D8AFC296FD7620096C500 /* grayscale.min.css */,
				AB1D8AFD296FD7620096C500 /* sunburst.min.css */,
				AB1D8AFE296FD7620096C500 /* agate.min.css */,
				AB1D8AFF296FD7620096C500 /* hybrid.min.css */,
				AB1D8B00296FD7620096C500 /* gradient-light.min.css */,
				AB1D8B01296FD7620096C500 /* monokai-sublime.min.css */,
				AB1D8B02296FD7620096C500 /* an-old-hope.min.css */,
			);
			path = styles;
			sourceTree = "<group>";
		};
		AB1D8E51296FD7800096C500 /* Modules */ = {
			isa = PBXGroup;
			children = (
				AB1D8942296FD7620096C500 /* Highlight */,
			);
			path = Modules;
			sourceTree = "<group>";
		};
		AB2D02A02925DF9B00743FBE /* ViewsMinorReusableUI */ = {
			isa = PBXGroup;
			children = (
				ABD119ED2927E75B0000B886 /* V_CheckMarkIcon.swift */,
				AB2D02A12925DFCC00743FBE /* V_ReusableUI.swift */,
			);
			path = ViewsMinorReusableUI;
			sourceTree = "<group>";
		};
		AB944E8F28F24112002C3DDA = {
			isa = PBXGroup;
			children = (
				AB944E9A28F24113002C3DDA /* Codicea */,
				AB944E9928F24113002C3DDA /* Products */,
			);
			sourceTree = "<group>";
		};
		AB944E9928F24113002C3DDA /* Products */ = {
			isa = PBXGroup;
			children = (
				AB944E9828F24113002C3DDA /* CodIcea.app */,
			);
			name = Products;
			sourceTree = "<group>";
		};
		AB944E9A28F24113002C3DDA /* Codicea */ = {
			isa = PBXGroup;
			children = (
				AB944E9B28F24113002C3DDA /* Codicea.swift */,
				AB944ECE28F244E0002C3DDA /* Resources */,
				AB944ECD28F24415002C3DDA /* Functions */,
				AB944ECB28F243F7002C3DDA /* Views */,
				AB2D02A02925DF9B00743FBE /* ViewsMinorReusableUI */,
				AB944ECC28F24407002C3DDA /* Models */,
				AB1D8E51296FD7800096C500 /* Modules */,
				AB944E9F28F24114002C3DDA /* Assets.xcassets */,
			);
			path = Codicea;
			sourceTree = "<group>";
		};
		AB944ECB28F243F7002C3DDA /* Views */ = {
			isa = PBXGroup;
			children = (
				AB48A84F29474C1800EA9D17 /* ContentView.swift */,
				ABBA4AF5291B848100F4B1D4 /* V_SplashScreen.swift */,
				AB2D029E2925D39200743FBE /* V_MainPage.swift */,
				AB944E9D28F24113002C3DDA /* V_QuizList.swift */,
				AB944EC928F24205002C3DDA /* V_SlideCardStack.swift */,
				ABD119EF2927FC060000B886 /* V_CardButtons.swift */,
				AB9668B5294ABAF50006359B /* V_ResultsPage.swift */,
				AB9668B7294B390A0006359B /* V_ReviewPage.swift */,
				AB9EDAB1296FD1D200A96F54 /* V_QuestionWebView.swift */,
				AB1D8E54296FEA490096C500 /* index.html */,
			);
			path = Views;
			sourceTree = "<group>";
		};
		AB944ECC28F24407002C3DDA /* Models */ = {
			isa = PBXGroup;
			children = (
				AB944ED128F24743002C3DDA /* Quiz.swift */,
				AB3044F62925C981002B70DD /* QuizViewModel.swift */,
			);
			path = Models;
			sourceTree = "<group>";
		};
		AB944ECD28F24415002C3DDA /* Functions */ = {
			isa = PBXGroup;
			children = (
				AB18944B2908E97B00D0C421 /* F_Main.swift */,
				AB9EDAAF296FCC4F00A96F54 /* WebView.swift */,
			);
			path = Functions;
			sourceTree = "<group>";
		};
		AB944ECE28F244E0002C3DDA /* Resources */ = {
			isa = PBXGroup;
			children = (
				AB944ECF28F24503002C3DDA /* quizzesData.json */,
			);
			path = Resources;
			sourceTree = "<group>";
		};
/* End PBXGroup section */

/* Begin PBXNativeTarget section */
		AB944E9728F24113002C3DDA /* Codicea */ = {
			isa = PBXNativeTarget;
			buildConfigurationList = AB944EBC28F24115002C3DDA /* Build configuration list for PBXNativeTarget "Codicea" */;
			buildPhases = (
				AB944E9428F24113002C3DDA /* Sources */,
				AB944E9528F24113002C3DDA /* Frameworks */,
				AB944E9628F24113002C3DDA /* Resources */,
			);
			buildRules = (
			);
			dependencies = (
			);
			name = Codicea;
			productName = 565_GP;
			productReference = AB944E9828F24113002C3DDA /* CodIcea.app */;
			productType = "com.apple.product-type.application";
		};
/* End PBXNativeTarget section */

/* Begin PBXProject section */
		AB944E9028F24112002C3DDA /* Project object */ = {
			isa = PBXProject;
			attributes = {
				BuildIndependentTargetsInParallel = 1;
				LastSwiftUpdateCheck = 1400;
				LastUpgradeCheck = 1400;
				TargetAttributes = {
					AB944E9728F24113002C3DDA = {
						CreatedOnToolsVersion = 14.0.1;
					};
				};
			};
			buildConfigurationList = AB944E9328F24112002C3DDA /* Build configuration list for PBXProject "Codicea" */;
			compatibilityVersion = "Xcode 14.0";
			developmentRegion = en;
			hasScannedForEncodings = 0;
			knownRegions = (
				en,
				Base,
			);
			mainGroup = AB944E8F28F24112002C3DDA;
			packageReferences = (
			);
			productRefGroup = AB944E9928F24113002C3DDA /* Products */;
			projectDirPath = "";
			projectRoot = "";
			targets = (
				AB944E9728F24113002C3DDA /* Codicea */,
			);
		};
/* End PBXProject section */

/* Begin PBXResourcesBuildPhase section */
		AB944E9628F24113002C3DDA /* Resources */ = {
			isa = PBXResourcesBuildPhase;
			buildActionMask = 2147483647;
			files = (
				AB944EA028F24114002C3DDA /* Assets.xcassets in Resources */,
				AB1D8CA5296FD7620096C500 /* tokyo-night-dark.min.css in Resources */,
				AB1D8CAE296FD7620096C500 /* pojoaque.min.css in Resources */,
				AB1D8D71296FD7630096C500 /* qtcreator-dark.min.css in Resources */,
				AB1D8D87296FD7630096C500 /* monokai-sublime.min.css in Resources */,
				AB1D8D6F296FD7630096C500 /* atom-one-light.min.css in Resources */,
				AB1D8CAC296FD7620096C500 /* gradient-dark.min.css in Resources */,
				AB1D8D7C296FD7630096C500 /* googlecode.min.css in Resources */,
				AB1D8D8B296FD7630096C500 /* highlight.min.js in Resources */,
				AB1D8C91296FD7620096C500 /* qtcreator-light.min.css in Resources */,
				AB1D8C95296FD7620096C500 /* night-owl.min.css in Resources */,
				AB1D8CB7296FD7620096C500 /* intellij-light.min.css in Resources */,
				AB1D8D78296FD7630096C500 /* ir-black.min.css in Resources */,
				AB1D8C93296FD7620096C500 /* brown-paper.min.css in Resources */,
				AB1D8D89296FD7630096C500 /* highlight.js in Resources */,
				AB1D8D75296FD7630096C500 /* isbl-editor-light.min.css in Resources */,
				AB1D8CB9296FD7620096C500 /* magula.min.css in Resources */,
				AB1D8D8A296FD7630096C500 /* package.json in Resources */,
				AB1D8D81296FD7630096C500 /* androidstudio.min.css in Resources */,
				AB1D8BCC296FD7620096C500 /* DIGESTS.md in Resources */,
				AB1D8BCD296FD7620096C500 /* LICENSE in Resources */,
				AB1D8CB8296FD7620096C500 /* panda-syntax-dark.min.css in Resources */,
				AB1D8D7B296FD7630096C500 /* codepen-embed.min.css in Resources */,
				AB1D8CAF296FD7620096C500 /* routeros.min.css in Resources */,
				AB1D8CB6296FD7620096C500 /* arduino-light.min.css in Resources */,
				AB1D8C92296FD7620096C500 /* srcery.min.css in Resources */,
				AB1D8D6C296FD7630096C500 /* github.min.css in Resources */,
				AB1D8CA6296FD7620096C500 /* kimbie-dark.min.css in Resources */,
				AB1D8D73296FD7630096C500 /* default.min.css in Resources */,
				AB1D8C96296FD7620096C500 /* school-book.min.css in Resources */,
				AB1D8CBB296FD7620096C500 /* purebasic.min.css in Resources */,
				AB1D8C90296FD7620096C500 /* isbl-editor-dark.min.css in Resources */,
				AB1D8D6E296FD7630096C500 /* dark.min.css in Resources */,
				AB1D8D79296FD7630096C500 /* tomorrow-night-bright.min.css in Resources */,
				AB1D8CA0296FD7620096C500 /* github-dark.min.css in Resources */,
				AB1D8CA3296FD7620096C500 /* shades-of-purple.min.css in Resources */,
				AB1D8C9F296FD7620096C500 /* far.min.css in Resources */,
				AB1D8CB4296FD7620096C500 /* idea.min.css in Resources */,
				AB1D8C9C296FD7620096C500 /* a11y-light.min.css in Resources */,
				AB1D8CA4296FD7620096C500 /* stackoverflow-light.min.css in Resources */,
				AB1D8CA8296FD7620096C500 /* xt256.min.css in Resources */,
				AB1D8C9D296FD7620096C500 /* stackoverflow-dark.min.css in Resources */,
				AB1D8C99296FD7620096C500 /* vs2015.min.css in Resources */,
				AB1D8CA9296FD7620096C500 /* mono-blue.min.css in Resources */,
				AB1D8CA7296FD7620096C500 /* github-dark-dimmed.min.css in Resources */,
				AB1D8D80296FD7630096C500 /* brown-papersq.png in Resources */,
				AB1D8D83296FD7630096C500 /* sunburst.min.css in Resources */,
				AB0B24C529712BAF00E98042 /* style.css in Resources */,
				AB1D8D74296FD7630096C500 /* ascetic.min.css in Resources */,
				AB944ED028F24503002C3DDA /* quizzesData.json in Resources */,
				AB1D8C9E296FD7620096C500 /* pojoaque.jpg in Resources */,
				AB1D8CB3296FD7620096C500 /* lightfair.min.css in Resources */,
				AB1D8C97296FD7620096C500 /* xcode.min.css in Resources */,
				AB1D8D82296FD7630096C500 /* grayscale.min.css in Resources */,
				AB1D8C8F296FD7620096C500 /* vs.min.css in Resources */,
				AB1D8D72296FD7630096C500 /* docco.min.css in Resources */,
				AB1D8D7E296FD7630096C500 /* paraiso-dark.min.css in Resources */,
				AB1D8E55296FEA490096C500 /* index.html in Resources */,
				AB1D8CB1296FD7620096C500 /* obsidian.min.css in Resources */,
				AB1D8D7A296FD7630096C500 /* foundation.min.css in Resources */,
				AB1D8C94296FD7620096C500 /* felipec.min.css in Resources */,
				AB1D8D86296FD7630096C500 /* gradient-light.min.css in Resources */,
				AB1D8D6D296FD7630096C500 /* nord.min.css in Resources */,
				AB1D8D88296FD7630096C500 /* an-old-hope.min.css in Resources */,
				AB1D8D85296FD7630096C500 /* hybrid.min.css in Resources */,
				AB1D8CB5296FD7620096C500 /* nnfx-light.min.css in Resources */,
				AB1D8D76296FD7630096C500 /* nnfx-dark.min.css in Resources */,
				AB1D8D7D296FD7630096C500 /* atom-one-dark-reasonable.min.css in Resources */,
				AB1D8D84296FD7630096C500 /* agate.min.css in Resources */,
				AB1D8D77296FD7630096C500 /* a11y-dark.min.css in Resources */,
				AB1D8D70296FD7630096C500 /* monokai.min.css in Resources */,
				AB1D8C98296FD7620096C500 /* tomorrow-night-blue.min.css in Resources */,
				AB1D8CB2296FD7620096C500 /* kimbie-light.min.css in Resources */,
				AB1D8C9A296FD7620096C500 /* paraiso-light.min.css in Resources */,
				AB1D8CAA296FD7620096C500 /* devibeans.min.css in Resources */,
				AB1D8C8E296FD7620096C500 /* README.md in Resources */,
				AB1D8CAB296FD7620096C500 /* atom-one-dark.min.css in Resources */,
				AB1D8C9B296FD7620096C500 /* rainbow.min.css in Resources */,
				AB1D8CA2296FD7620096C500 /* tokyo-night-light.min.css in Resources */,
				AB1D8CBA296FD7620096C500 /* arta.min.css in Resources */,
				AB1D8BF1296FD7620096C500 /* python.min.js in Resources */,
				AB1D8CA1296FD7620096C500 /* panda-syntax-light.min.css in Resources */,
				AB1D8D7F296FD7630096C500 /* lioshi.min.css in Resources */,
				AB1D8CAD296FD7620096C500 /* color-brewer.min.css in Resources */,
				AB1D8CB0296FD7620096C500 /* gml.min.css in Resources */,
			);
			runOnlyForDeploymentPostprocessing = 0;
		};
/* End PBXResourcesBuildPhase section */

/* Begin PBXSourcesBuildPhase section */
		AB944E9428F24113002C3DDA /* Sources */ = {
			isa = PBXSourcesBuildPhase;
			buildActionMask = 2147483647;
			files = (
				AB944ECA28F24205002C3DDA /* V_SlideCardStack.swift in Sources */,
				AB2D02A22925DFCC00743FBE /* V_ReusableUI.swift in Sources */,
				AB944ED228F24743002C3DDA /* Quiz.swift in Sources */,
				AB9EDAB0296FCC4F00A96F54 /* WebView.swift in Sources */,
				AB3044F72925C981002B70DD /* QuizViewModel.swift in Sources */,
				ABD119EE2927E75B0000B886 /* V_CheckMarkIcon.swift in Sources */,
				ABD119F02927FC060000B886 /* V_CardButtons.swift in Sources */,
				AB9668B6294ABAF50006359B /* V_ResultsPage.swift in Sources */,
				AB9EDAB2296FD1D200A96F54 /* V_QuestionWebView.swift in Sources */,
				AB944E9E28F24113002C3DDA /* V_QuizList.swift in Sources */,
				ABBA4AF6291B848100F4B1D4 /* V_SplashScreen.swift in Sources */,
				AB944E9C28F24113002C3DDA /* Codicea.swift in Sources */,
				AB48A85029474C1800EA9D17 /* ContentView.swift in Sources */,
				AB9668B8294B390A0006359B /* V_ReviewPage.swift in Sources */,
				AB2D029F2925D39200743FBE /* V_MainPage.swift in Sources */,
				AB18944C2908E97B00D0C421 /* F_Main.swift in Sources */,
			);
			runOnlyForDeploymentPostprocessing = 0;
		};
/* End PBXSourcesBuildPhase section */

/* Begin XCBuildConfiguration section */
		AB944EBA28F24115002C3DDA /* Debug */ = {
			isa = XCBuildConfiguration;
			buildSettings = {
				ALWAYS_SEARCH_USER_PATHS = NO;
				CLANG_ANALYZER_NONNULL = YES;
				CLANG_ANALYZER_NUMBER_OBJECT_CONVERSION = YES_AGGRESSIVE;
				CLANG_CXX_LANGUAGE_STANDARD = "gnu++20";
				CLANG_ENABLE_MODULES = YES;
				CLANG_ENABLE_OBJC_ARC = YES;
				CLANG_ENABLE_OBJC_WEAK = YES;
				CLANG_WARN_BLOCK_CAPTURE_AUTORELEASING = YES;
				CLANG_WARN_BOOL_CONVERSION = YES;
				CLANG_WARN_COMMA = YES;
				CLANG_WARN_CONSTANT_CONVERSION = YES;
				CLANG_WARN_DEPRECATED_OBJC_IMPLEMENTATIONS = YES;
				CLANG_WARN_DIRECT_OBJC_ISA_USAGE = YES_ERROR;
				CLANG_WARN_DOCUMENTATION_COMMENTS = YES;
				CLANG_WARN_EMPTY_BODY = YES;
				CLANG_WARN_ENUM_CONVERSION = YES;
				CLANG_WARN_INFINITE_RECURSION = YES;
				CLANG_WARN_INT_CONVERSION = YES;
				CLANG_WARN_NON_LITERAL_NULL_CONVERSION = YES;
				CLANG_WARN_OBJC_IMPLICIT_RETAIN_SELF = YES;
				CLANG_WARN_OBJC_LITERAL_CONVERSION = YES;
				CLANG_WARN_OBJC_ROOT_CLASS = YES_ERROR;
				CLANG_WARN_QUOTED_INCLUDE_IN_FRAMEWORK_HEADER = YES;
				CLANG_WARN_RANGE_LOOP_ANALYSIS = YES;
				CLANG_WARN_STRICT_PROTOTYPES = YES;
				CLANG_WARN_SUSPICIOUS_MOVE = YES;
				CLANG_WARN_UNGUARDED_AVAILABILITY = YES_AGGRESSIVE;
				CLANG_WARN_UNREACHABLE_CODE = YES;
				CLANG_WARN__DUPLICATE_METHOD_MATCH = YES;
				COPY_PHASE_STRIP = NO;
				DEBUG_INFORMATION_FORMAT = dwarf;
				ENABLE_STRICT_OBJC_MSGSEND = YES;
				ENABLE_TESTABILITY = YES;
				GCC_C_LANGUAGE_STANDARD = gnu11;
				GCC_DYNAMIC_NO_PIC = NO;
				GCC_NO_COMMON_BLOCKS = YES;
				GCC_OPTIMIZATION_LEVEL = 0;
				GCC_PREPROCESSOR_DEFINITIONS = (
					"DEBUG=1",
					"$(inherited)",
				);
				GCC_WARN_64_TO_32_BIT_CONVERSION = YES;
				GCC_WARN_ABOUT_RETURN_TYPE = YES_ERROR;
				GCC_WARN_UNDECLARED_SELECTOR = YES;
				GCC_WARN_UNINITIALIZED_AUTOS = YES_AGGRESSIVE;
				GCC_WARN_UNUSED_FUNCTION = YES;
				GCC_WARN_UNUSED_VARIABLE = YES;
				IPHONEOS_DEPLOYMENT_TARGET = 16.0;
				MTL_ENABLE_DEBUG_INFO = INCLUDE_SOURCE;
				MTL_FAST_MATH = YES;
				ONLY_ACTIVE_ARCH = YES;
				SDKROOT = iphoneos;
				SWIFT_ACTIVE_COMPILATION_CONDITIONS = DEBUG;
				SWIFT_OPTIMIZATION_LEVEL = "-Onone";
			};
			name = Debug;
		};
		AB944EBB28F24115002C3DDA /* Release */ = {
			isa = XCBuildConfiguration;
			buildSettings = {
				ALWAYS_SEARCH_USER_PATHS = NO;
				CLANG_ANALYZER_NONNULL = YES;
				CLANG_ANALYZER_NUMBER_OBJECT_CONVERSION = YES_AGGRESSIVE;
				CLANG_CXX_LANGUAGE_STANDARD = "gnu++20";
				CLANG_ENABLE_MODULES = YES;
				CLANG_ENABLE_OBJC_ARC = YES;
				CLANG_ENABLE_OBJC_WEAK = YES;
				CLANG_WARN_BLOCK_CAPTURE_AUTORELEASING = YES;
				CLANG_WARN_BOOL_CONVERSION = YES;
				CLANG_WARN_COMMA = YES;
				CLANG_WARN_CONSTANT_CONVERSION = YES;
				CLANG_WARN_DEPRECATED_OBJC_IMPLEMENTATIONS = YES;
				CLANG_WARN_DIRECT_OBJC_ISA_USAGE = YES_ERROR;
				CLANG_WARN_DOCUMENTATION_COMMENTS = YES;
				CLANG_WARN_EMPTY_BODY = YES;
				CLANG_WARN_ENUM_CONVERSION = YES;
				CLANG_WARN_INFINITE_RECURSION = YES;
				CLANG_WARN_INT_CONVERSION = YES;
				CLANG_WARN_NON_LITERAL_NULL_CONVERSION = YES;
				CLANG_WARN_OBJC_IMPLICIT_RETAIN_SELF = YES;
				CLANG_WARN_OBJC_LITERAL_CONVERSION = YES;
				CLANG_WARN_OBJC_ROOT_CLASS = YES_ERROR;
				CLANG_WARN_QUOTED_INCLUDE_IN_FRAMEWORK_HEADER = YES;
				CLANG_WARN_RANGE_LOOP_ANALYSIS = YES;
				CLANG_WARN_STRICT_PROTOTYPES = YES;
				CLANG_WARN_SUSPICIOUS_MOVE = YES;
				CLANG_WARN_UNGUARDED_AVAILABILITY = YES_AGGRESSIVE;
				CLANG_WARN_UNREACHABLE_CODE = YES;
				CLANG_WARN__DUPLICATE_METHOD_MATCH = YES;
				COPY_PHASE_STRIP = NO;
				DEBUG_INFORMATION_FORMAT = "dwarf-with-dsym";
				ENABLE_NS_ASSERTIONS = NO;
				ENABLE_STRICT_OBJC_MSGSEND = YES;
				GCC_C_LANGUAGE_STANDARD = gnu11;
				GCC_NO_COMMON_BLOCKS = YES;
				GCC_WARN_64_TO_32_BIT_CONVERSION = YES;
				GCC_WARN_ABOUT_RETURN_TYPE = YES_ERROR;
				GCC_WARN_UNDECLARED_SELECTOR = YES;
				GCC_WARN_UNINITIALIZED_AUTOS = YES_AGGRESSIVE;
				GCC_WARN_UNUSED_FUNCTION = YES;
				GCC_WARN_UNUSED_VARIABLE = YES;
				IPHONEOS_DEPLOYMENT_TARGET = 16.0;
				MTL_ENABLE_DEBUG_INFO = NO;
				MTL_FAST_MATH = YES;
				SDKROOT = iphoneos;
				SWIFT_COMPILATION_MODE = wholemodule;
				SWIFT_OPTIMIZATION_LEVEL = "-O";
				VALIDATE_PRODUCT = YES;
			};
			name = Release;
		};
		AB944EBD28F24115002C3DDA /* Debug */ = {
			isa = XCBuildConfiguration;
			buildSettings = {
				ASSETCATALOG_COMPILER_APPICON_NAME = AppIcon;
				ASSETCATALOG_COMPILER_GLOBAL_ACCENT_COLOR_NAME = AccentColor;
				CODE_SIGN_STYLE = Automatic;
				CURRENT_PROJECT_VERSION = 1;
				DEVELOPMENT_ASSET_PATHS = "";
				DEVELOPMENT_TEAM = K769H5BPV8;
				ENABLE_PREVIEWS = YES;
				GENERATE_INFOPLIST_FILE = YES;
				INFOPLIST_KEY_CFBundleDisplayName = CodIcea;
				INFOPLIST_KEY_UIApplicationSceneManifest_Generation = YES;
				INFOPLIST_KEY_UIApplicationSupportsIndirectInputEvents = YES;
				INFOPLIST_KEY_UILaunchScreen_Generation = YES;
				INFOPLIST_KEY_UISupportedInterfaceOrientations_iPad = "UIInterfaceOrientationPortrait UIInterfaceOrientationPortraitUpsideDown UIInterfaceOrientationLandscapeLeft UIInterfaceOrientationLandscapeRight";
				INFOPLIST_KEY_UISupportedInterfaceOrientations_iPhone = "UIInterfaceOrientationPortrait UIInterfaceOrientationLandscapeLeft UIInterfaceOrientationLandscapeRight";
				IPHONEOS_DEPLOYMENT_TARGET = 16.0;
				LD_RUNPATH_SEARCH_PATHS = (
					"$(inherited)",
					"@executable_path/Frameworks",
				);
				MARKETING_VERSION = 1.0;
				PRODUCT_BUNDLE_IDENTIFIER = "ds.-65-GP";
				PRODUCT_NAME = CodIcea;
				SWIFT_EMIT_LOC_STRINGS = YES;
				SWIFT_VERSION = 5.0;
				TARGETED_DEVICE_FAMILY = "1,2";
			};
			name = Debug;
		};
		AB944EBE28F24115002C3DDA /* Release */ = {
			isa = XCBuildConfiguration;
			buildSettings = {
				ASSETCATALOG_COMPILER_APPICON_NAME = AppIcon;
				ASSETCATALOG_COMPILER_GLOBAL_ACCENT_COLOR_NAME = AccentColor;
				CODE_SIGN_STYLE = Automatic;
				CURRENT_PROJECT_VERSION = 1;
				DEVELOPMENT_ASSET_PATHS = "";
				DEVELOPMENT_TEAM = K769H5BPV8;
				ENABLE_PREVIEWS = YES;
				GENERATE_INFOPLIST_FILE = YES;
				INFOPLIST_KEY_CFBundleDisplayName = CodIcea;
				INFOPLIST_KEY_UIApplicationSceneManifest_Generation = YES;
				INFOPLIST_KEY_UIApplicationSupportsIndirectInputEvents = YES;
				INFOPLIST_KEY_UILaunchScreen_Generation = YES;
				INFOPLIST_KEY_UISupportedInterfaceOrientations_iPad = "UIInterfaceOrientationPortrait UIInterfaceOrientationPortraitUpsideDown UIInterfaceOrientationLandscapeLeft UIInterfaceOrientationLandscapeRight";
				INFOPLIST_KEY_UISupportedInterfaceOrientations_iPhone = "UIInterfaceOrientationPortrait UIInterfaceOrientationLandscapeLeft UIInterfaceOrientationLandscapeRight";
				IPHONEOS_DEPLOYMENT_TARGET = 16.0;
				LD_RUNPATH_SEARCH_PATHS = (
					"$(inherited)",
					"@executable_path/Frameworks",
				);
				MARKETING_VERSION = 1.0;
				PRODUCT_BUNDLE_IDENTIFIER = "ds.-65-GP";
				PRODUCT_NAME = CodIcea;
				SWIFT_EMIT_LOC_STRINGS = YES;
				SWIFT_VERSION = 5.0;
				TARGETED_DEVICE_FAMILY = "1,2";
			};
			name = Release;
		};
/* End XCBuildConfiguration section */

/* Begin XCConfigurationList section */
		AB944E9328F24112002C3DDA /* Build configuration list for PBXProject "Codicea" */ = {
			isa = XCConfigurationList;
			buildConfigurations = (
				AB944EBA28F24115002C3DDA /* Debug */,
				AB944EBB28F24115002C3DDA /* Release */,
			);
			defaultConfigurationIsVisible = 0;
			defaultConfigurationName = Release;
		};
		AB944EBC28F24115002C3DDA /* Build configuration list for PBXNativeTarget "Codicea" */ = {
			isa = XCConfigurationList;
			buildConfigurations = (
				AB944EBD28F24115002C3DDA /* Debug */,
				AB944EBE28F24115002C3DDA /* Release */,
			);
			defaultConfigurationIsVisible = 0;
			defaultConfigurationName = Release;
		};
/* End XCConfigurationList section */
	};
	rootObject = AB944E9028F24112002C3DDA /* Project object */;
}
