// !$*UTF8*$!
{
	archiveVersion = 1;
	classes = {
	};
	objectVersion = 56;
	objects = {

/* Begin PBXBuildFile section */
		AB18944C2908E97B00D0C421 /* F_Main.swift in Sources */ = {isa = PBXBuildFile; fileRef = AB18944B2908E97B00D0C421 /* F_Main.swift */; };
		AB2D029F2925D39200743FBE /* V_MainPage.swift in Sources */ = {isa = PBXBuildFile; fileRef = AB2D029E2925D39200743FBE /* V_MainPage.swift */; };
		AB2D02A22925DFCC00743FBE /* V_ReusableUI.swift in Sources */ = {isa = PBXBuildFile; fileRef = AB2D02A12925DFCC00743FBE /* V_ReusableUI.swift */; };
		AB3044F72925C981002B70DD /* QuizViewModel.swift in Sources */ = {isa = PBXBuildFile; fileRef = AB3044F62925C981002B70DD /* QuizViewModel.swift */; };
		AB48A85029474C1800EA9D17 /* ContentView.swift in Sources */ = {isa = PBXBuildFile; fileRef = AB48A84F29474C1800EA9D17 /* ContentView.swift */; };
		AB944E9C28F24113002C3DDA /* Codicea.swift in Sources */ = {isa = PBXBuildFile; fileRef = AB944E9B28F24113002C3DDA /* Codicea.swift */; };
		AB944E9E28F24113002C3DDA /* V_QuizList.swift in Sources */ = {isa = PBXBuildFile; fileRef = AB944E9D28F24113002C3DDA /* V_QuizList.swift */; };
		AB944EA028F24114002C3DDA /* Assets.xcassets in Resources */ = {isa = PBXBuildFile; fileRef = AB944E9F28F24114002C3DDA /* Assets.xcassets */; };
		AB944ECA28F24205002C3DDA /* V_SlideCardStack.swift in Sources */ = {isa = PBXBuildFile; fileRef = AB944EC928F24205002C3DDA /* V_SlideCardStack.swift */; };
		AB944ED028F24503002C3DDA /* quizzesData.json in Resources */ = {isa = PBXBuildFile; fileRef = AB944ECF28F24503002C3DDA /* quizzesData.json */; };
		AB944ED228F24743002C3DDA /* Quiz.swift in Sources */ = {isa = PBXBuildFile; fileRef = AB944ED128F24743002C3DDA /* Quiz.swift */; };
		AB9668B6294ABAF50006359B /* V_ResultsPage.swift in Sources */ = {isa = PBXBuildFile; fileRef = AB9668B5294ABAF50006359B /* V_ResultsPage.swift */; };
		AB9668B8294B390A0006359B /* V_ReviewPage.swift in Sources */ = {isa = PBXBuildFile; fileRef = AB9668B7294B390A0006359B /* V_ReviewPage.swift */; };
		ABBA4AF6291B848100F4B1D4 /* V_SplashScreen.swift in Sources */ = {isa = PBXBuildFile; fileRef = ABBA4AF5291B848100F4B1D4 /* V_SplashScreen.swift */; };
		ABD119EE2927E75B0000B886 /* V_CheckMarkIcon.swift in Sources */ = {isa = PBXBuildFile; fileRef = ABD119ED2927E75B0000B886 /* V_CheckMarkIcon.swift */; };
		ABD119F02927FC060000B886 /* V_CardButtons.swift in Sources */ = {isa = PBXBuildFile; fileRef = ABD119EF2927FC060000B886 /* V_CardButtons.swift */; };
/* End PBXBuildFile section */

/* Begin PBXFileReference section */
		AB18944B2908E97B00D0C421 /* F_Main.swift */ = {isa = PBXFileReference; lastKnownFileType = sourcecode.swift; path = F_Main.swift; sourceTree = "<group>"; };
		AB2D029E2925D39200743FBE /* V_MainPage.swift */ = {isa = PBXFileReference; lastKnownFileType = sourcecode.swift; path = V_MainPage.swift; sourceTree = "<group>"; };
		AB2D02A12925DFCC00743FBE /* V_ReusableUI.swift */ = {isa = PBXFileReference; lastKnownFileType = sourcecode.swift; path = V_ReusableUI.swift; sourceTree = "<group>"; };
		AB3044F62925C981002B70DD /* QuizViewModel.swift */ = {isa = PBXFileReference; lastKnownFileType = sourcecode.swift; path = QuizViewModel.swift; sourceTree = "<group>"; };
		AB48A84F29474C1800EA9D17 /* ContentView.swift */ = {isa = PBXFileReference; lastKnownFileType = sourcecode.swift; path = ContentView.swift; sourceTree = "<group>"; };
		AB944E9828F24113002C3DDA /* CodIcea.app */ = {isa = PBXFileReference; explicitFileType = wrapper.application; includeInIndex = 0; path = CodIcea.app; sourceTree = BUILT_PRODUCTS_DIR; };
		AB944E9B28F24113002C3DDA /* Codicea.swift */ = {isa = PBXFileReference; lastKnownFileType = sourcecode.swift; path = Codicea.swift; sourceTree = "<group>"; };
		AB944E9D28F24113002C3DDA /* V_QuizList.swift */ = {isa = PBXFileReference; lastKnownFileType = sourcecode.swift; path = V_QuizList.swift; sourceTree = "<group>"; };
		AB944E9F28F24114002C3DDA /* Assets.xcassets */ = {isa = PBXFileReference; lastKnownFileType = folder.assetcatalog; path = Assets.xcassets; sourceTree = "<group>"; };
		AB944EC928F24205002C3DDA /* V_SlideCardStack.swift */ = {isa = PBXFileReference; lastKnownFileType = sourcecode.swift; path = V_SlideCardStack.swift; sourceTree = "<group>"; };
		AB944ECF28F24503002C3DDA /* quizzesData.json */ = {isa = PBXFileReference; fileEncoding = 4; lastKnownFileType = text.json; path = quizzesData.json; sourceTree = "<group>"; };
		AB944ED128F24743002C3DDA /* Quiz.swift */ = {isa = PBXFileReference; lastKnownFileType = sourcecode.swift; path = Quiz.swift; sourceTree = "<group>"; };
		AB9668B5294ABAF50006359B /* V_ResultsPage.swift */ = {isa = PBXFileReference; lastKnownFileType = sourcecode.swift; path = V_ResultsPage.swift; sourceTree = "<group>"; };
		AB9668B7294B390A0006359B /* V_ReviewPage.swift */ = {isa = PBXFileReference; lastKnownFileType = sourcecode.swift; path = V_ReviewPage.swift; sourceTree = "<group>"; };
		ABBA4AF5291B848100F4B1D4 /* V_SplashScreen.swift */ = {isa = PBXFileReference; lastKnownFileType = sourcecode.swift; path = V_SplashScreen.swift; sourceTree = "<group>"; };
		ABD119ED2927E75B0000B886 /* V_CheckMarkIcon.swift */ = {isa = PBXFileReference; lastKnownFileType = sourcecode.swift; path = V_CheckMarkIcon.swift; sourceTree = "<group>"; };
		ABD119EF2927FC060000B886 /* V_CardButtons.swift */ = {isa = PBXFileReference; lastKnownFileType = sourcecode.swift; path = V_CardButtons.swift; sourceTree = "<group>"; };
/* End PBXFileReference section */

/* Begin PBXFrameworksBuildPhase section */
		AB944E9528F24113002C3DDA /* Frameworks */ = {
			isa = PBXFrameworksBuildPhase;
			buildActionMask = 2147483647;
			files = (
			);
			runOnlyForDeploymentPostprocessing = 0;
		};
/* End PBXFrameworksBuildPhase section */

/* Begin PBXGroup section */
		AB2D02A02925DF9B00743FBE /* ViewsMinorReusableUI */ = {
			isa = PBXGroup;
			children = (
				ABD119ED2927E75B0000B886 /* V_CheckMarkIcon.swift */,
				AB2D02A12925DFCC00743FBE /* V_ReusableUI.swift */,
			);
			path = ViewsMinorReusableUI;
			sourceTree = "<group>";
		};
		AB944E8F28F24112002C3DDA = {
			isa = PBXGroup;
			children = (
				AB944E9A28F24113002C3DDA /* Codicea */,
				AB944E9928F24113002C3DDA /* Products */,
			);
			sourceTree = "<group>";
		};
		AB944E9928F24113002C3DDA /* Products */ = {
			isa = PBXGroup;
			children = (
				AB944E9828F24113002C3DDA /* CodIcea.app */,
			);
			name = Products;
			sourceTree = "<group>";
		};
		AB944E9A28F24113002C3DDA /* Codicea */ = {
			isa = PBXGroup;
			children = (
				AB944E9B28F24113002C3DDA /* Codicea.swift */,
				AB944ECE28F244E0002C3DDA /* Resources */,
				AB944ECD28F24415002C3DDA /* Functions */,
				AB944ECB28F243F7002C3DDA /* Views */,
				AB2D02A02925DF9B00743FBE /* ViewsMinorReusableUI */,
				AB944ECC28F24407002C3DDA /* Models */,
				AB944E9F28F24114002C3DDA /* Assets.xcassets */,
			);
			path = Codicea;
			sourceTree = "<group>";
		};
		AB944ECB28F243F7002C3DDA /* Views */ = {
			isa = PBXGroup;
			children = (
				AB48A84F29474C1800EA9D17 /* ContentView.swift */,
				ABBA4AF5291B848100F4B1D4 /* V_SplashScreen.swift */,
				AB2D029E2925D39200743FBE /* V_MainPage.swift */,
				AB944E9D28F24113002C3DDA /* V_QuizList.swift */,
				AB944EC928F24205002C3DDA /* V_SlideCardStack.swift */,
				ABD119EF2927FC060000B886 /* V_CardButtons.swift */,
				AB9668B5294ABAF50006359B /* V_ResultsPage.swift */,
				AB9668B7294B390A0006359B /* V_ReviewPage.swift */,
			);
			path = Views;
			sourceTree = "<group>";
		};
		AB944ECC28F24407002C3DDA /* Models */ = {
			isa = PBXGroup;
			children = (
				AB944ED128F24743002C3DDA /* Quiz.swift */,
				AB3044F62925C981002B70DD /* QuizViewModel.swift */,
			);
			path = Models;
			sourceTree = "<group>";
		};
		AB944ECD28F24415002C3DDA /* Functions */ = {
			isa = PBXGroup;
			children = (
				AB18944B2908E97B00D0C421 /* F_Main.swift */,
			);
			path = Functions;
			sourceTree = "<group>";
		};
		AB944ECE28F244E0002C3DDA /* Resources */ = {
			isa = PBXGroup;
			children = (
				AB944ECF28F24503002C3DDA /* quizzesData.json */,
			);
			path = Resources;
			sourceTree = "<group>";
		};
/* End PBXGroup section */

/* Begin PBXNativeTarget section */
		AB944E9728F24113002C3DDA /* Codicea */ = {
			isa = PBXNativeTarget;
			buildConfigurationList = AB944EBC28F24115002C3DDA /* Build configuration list for PBXNativeTarget "Codicea" */;
			buildPhases = (
				AB944E9428F24113002C3DDA /* Sources */,
				AB944E9528F24113002C3DDA /* Frameworks */,
				AB944E9628F24113002C3DDA /* Resources */,
			);
			buildRules = (
			);
			dependencies = (
			);
			name = Codicea;
			productName = 565_GP;
			productReference = AB944E9828F24113002C3DDA /* CodIcea.app */;
			productType = "com.apple.product-type.application";
		};
/* End PBXNativeTarget section */

/* Begin PBXProject section */
		AB944E9028F24112002C3DDA /* Project object */ = {
			isa = PBXProject;
			attributes = {
				BuildIndependentTargetsInParallel = 1;
				LastSwiftUpdateCheck = 1400;
				LastUpgradeCheck = 1400;
				TargetAttributes = {
					AB944E9728F24113002C3DDA = {
						CreatedOnToolsVersion = 14.0.1;
					};
				};
			};
			buildConfigurationList = AB944E9328F24112002C3DDA /* Build configuration list for PBXProject "Codicea" */;
			compatibilityVersion = "Xcode 14.0";
			developmentRegion = en;
			hasScannedForEncodings = 0;
			knownRegions = (
				en,
				Base,
			);
			mainGroup = AB944E8F28F24112002C3DDA;
			productRefGroup = AB944E9928F24113002C3DDA /* Products */;
			projectDirPath = "";
			projectRoot = "";
			targets = (
				AB944E9728F24113002C3DDA /* Codicea */,
			);
		};
/* End PBXProject section */

/* Begin PBXResourcesBuildPhase section */
		AB944E9628F24113002C3DDA /* Resources */ = {
			isa = PBXResourcesBuildPhase;
			buildActionMask = 2147483647;
			files = (
				AB944EA028F24114002C3DDA /* Assets.xcassets in Resources */,
				AB944ED028F24503002C3DDA /* quizzesData.json in Resources */,
			);
			runOnlyForDeploymentPostprocessing = 0;
		};
/* End PBXResourcesBuildPhase section */

/* Begin PBXSourcesBuildPhase section */
		AB944E9428F24113002C3DDA /* Sources */ = {
			isa = PBXSourcesBuildPhase;
			buildActionMask = 2147483647;
			files = (
				AB944ECA28F24205002C3DDA /* V_SlideCardStack.swift in Sources */,
				AB2D02A22925DFCC00743FBE /* V_ReusableUI.swift in Sources */,
				AB944ED228F24743002C3DDA /* Quiz.swift in Sources */,
				AB3044F72925C981002B70DD /* QuizViewModel.swift in Sources */,
				ABD119EE2927E75B0000B886 /* V_CheckMarkIcon.swift in Sources */,
				ABD119F02927FC060000B886 /* V_CardButtons.swift in Sources */,
				AB9668B6294ABAF50006359B /* V_ResultsPage.swift in Sources */,
				AB944E9E28F24113002C3DDA /* V_QuizList.swift in Sources */,
				ABBA4AF6291B848100F4B1D4 /* V_SplashScreen.swift in Sources */,
				AB944E9C28F24113002C3DDA /* Codicea.swift in Sources */,
				AB48A85029474C1800EA9D17 /* ContentView.swift in Sources */,
				AB9668B8294B390A0006359B /* V_ReviewPage.swift in Sources */,
				AB2D029F2925D39200743FBE /* V_MainPage.swift in Sources */,
				AB18944C2908E97B00D0C421 /* F_Main.swift in Sources */,
			);
			runOnlyForDeploymentPostprocessing = 0;
		};
/* End PBXSourcesBuildPhase section */

/* Begin XCBuildConfiguration section */
		AB944EBA28F24115002C3DDA /* Debug */ = {
			isa = XCBuildConfiguration;
			buildSettings = {
				ALWAYS_SEARCH_USER_PATHS = NO;
				CLANG_ANALYZER_NONNULL = YES;
				CLANG_ANALYZER_NUMBER_OBJECT_CONVERSION = YES_AGGRESSIVE;
				CLANG_CXX_LANGUAGE_STANDARD = "gnu++20";
				CLANG_ENABLE_MODULES = YES;
				CLANG_ENABLE_OBJC_ARC = YES;
				CLANG_ENABLE_OBJC_WEAK = YES;
				CLANG_WARN_BLOCK_CAPTURE_AUTORELEASING = YES;
				CLANG_WARN_BOOL_CONVERSION = YES;
				CLANG_WARN_COMMA = YES;
				CLANG_WARN_CONSTANT_CONVERSION = YES;
				CLANG_WARN_DEPRECATED_OBJC_IMPLEMENTATIONS = YES;
				CLANG_WARN_DIRECT_OBJC_ISA_USAGE = YES_ERROR;
				CLANG_WARN_DOCUMENTATION_COMMENTS = YES;
				CLANG_WARN_EMPTY_BODY = YES;
				CLANG_WARN_ENUM_CONVERSION = YES;
				CLANG_WARN_INFINITE_RECURSION = YES;
				CLANG_WARN_INT_CONVERSION = YES;
				CLANG_WARN_NON_LITERAL_NULL_CONVERSION = YES;
				CLANG_WARN_OBJC_IMPLICIT_RETAIN_SELF = YES;
				CLANG_WARN_OBJC_LITERAL_CONVERSION = YES;
				CLANG_WARN_OBJC_ROOT_CLASS = YES_ERROR;
				CLANG_WARN_QUOTED_INCLUDE_IN_FRAMEWORK_HEADER = YES;
				CLANG_WARN_RANGE_LOOP_ANALYSIS = YES;
				CLANG_WARN_STRICT_PROTOTYPES = YES;
				CLANG_WARN_SUSPICIOUS_MOVE = YES;
				CLANG_WARN_UNGUARDED_AVAILABILITY = YES_AGGRESSIVE;
				CLANG_WARN_UNREACHABLE_CODE = YES;
				CLANG_WARN__DUPLICATE_METHOD_MATCH = YES;
				COPY_PHASE_STRIP = NO;
				DEBUG_INFORMATION_FORMAT = dwarf;
				ENABLE_STRICT_OBJC_MSGSEND = YES;
				ENABLE_TESTABILITY = YES;
				GCC_C_LANGUAGE_STANDARD = gnu11;
				GCC_DYNAMIC_NO_PIC = NO;
				GCC_NO_COMMON_BLOCKS = YES;
				GCC_OPTIMIZATION_LEVEL = 0;
				GCC_PREPROCESSOR_DEFINITIONS = (
					"DEBUG=1",
					"$(inherited)",
				);
				GCC_WARN_64_TO_32_BIT_CONVERSION = YES;
				GCC_WARN_ABOUT_RETURN_TYPE = YES_ERROR;
				GCC_WARN_UNDECLARED_SELECTOR = YES;
				GCC_WARN_UNINITIALIZED_AUTOS = YES_AGGRESSIVE;
				GCC_WARN_UNUSED_FUNCTION = YES;
				GCC_WARN_UNUSED_VARIABLE = YES;
				IPHONEOS_DEPLOYMENT_TARGET = 16.0;
				MTL_ENABLE_DEBUG_INFO = INCLUDE_SOURCE;
				MTL_FAST_MATH = YES;
				ONLY_ACTIVE_ARCH = YES;
				SDKROOT = iphoneos;
				SWIFT_ACTIVE_COMPILATION_CONDITIONS = DEBUG;
				SWIFT_OPTIMIZATION_LEVEL = "-Onone";
			};
			name = Debug;
		};
		AB944EBB28F24115002C3DDA /* Release */ = {
			isa = XCBuildConfiguration;
			buildSettings = {
				ALWAYS_SEARCH_USER_PATHS = NO;
				CLANG_ANALYZER_NONNULL = YES;
				CLANG_ANALYZER_NUMBER_OBJECT_CONVERSION = YES_AGGRESSIVE;
				CLANG_CXX_LANGUAGE_STANDARD = "gnu++20";
				CLANG_ENABLE_MODULES = YES;
				CLANG_ENABLE_OBJC_ARC = YES;
				CLANG_ENABLE_OBJC_WEAK = YES;
				CLANG_WARN_BLOCK_CAPTURE_AUTORELEASING = YES;
				CLANG_WARN_BOOL_CONVERSION = YES;
				CLANG_WARN_COMMA = YES;
				CLANG_WARN_CONSTANT_CONVERSION = YES;
				CLANG_WARN_DEPRECATED_OBJC_IMPLEMENTATIONS = YES;
				CLANG_WARN_DIRECT_OBJC_ISA_USAGE = YES_ERROR;
				CLANG_WARN_DOCUMENTATION_COMMENTS = YES;
				CLANG_WARN_EMPTY_BODY = YES;
				CLANG_WARN_ENUM_CONVERSION = YES;
				CLANG_WARN_INFINITE_RECURSION = YES;
				CLANG_WARN_INT_CONVERSION = YES;
				CLANG_WARN_NON_LITERAL_NULL_CONVERSION = YES;
				CLANG_WARN_OBJC_IMPLICIT_RETAIN_SELF = YES;
				CLANG_WARN_OBJC_LITERAL_CONVERSION = YES;
				CLANG_WARN_OBJC_ROOT_CLASS = YES_ERROR;
				CLANG_WARN_QUOTED_INCLUDE_IN_FRAMEWORK_HEADER = YES;
				CLANG_WARN_RANGE_LOOP_ANALYSIS = YES;
				CLANG_WARN_STRICT_PROTOTYPES = YES;
				CLANG_WARN_SUSPICIOUS_MOVE = YES;
				CLANG_WARN_UNGUARDED_AVAILABILITY = YES_AGGRESSIVE;
				CLANG_WARN_UNREACHABLE_CODE = YES;
				CLANG_WARN__DUPLICATE_METHOD_MATCH = YES;
				COPY_PHASE_STRIP = NO;
				DEBUG_INFORMATION_FORMAT = "dwarf-with-dsym";
				ENABLE_NS_ASSERTIONS = NO;
				ENABLE_STRICT_OBJC_MSGSEND = YES;
				GCC_C_LANGUAGE_STANDARD = gnu11;
				GCC_NO_COMMON_BLOCKS = YES;
				GCC_WARN_64_TO_32_BIT_CONVERSION = YES;
				GCC_WARN_ABOUT_RETURN_TYPE = YES_ERROR;
				GCC_WARN_UNDECLARED_SELECTOR = YES;
				GCC_WARN_UNINITIALIZED_AUTOS = YES_AGGRESSIVE;
				GCC_WARN_UNUSED_FUNCTION = YES;
				GCC_WARN_UNUSED_VARIABLE = YES;
				IPHONEOS_DEPLOYMENT_TARGET = 16.0;
				MTL_ENABLE_DEBUG_INFO = NO;
				MTL_FAST_MATH = YES;
				SDKROOT = iphoneos;
				SWIFT_COMPILATION_MODE = wholemodule;
				SWIFT_OPTIMIZATION_LEVEL = "-O";
				VALIDATE_PRODUCT = YES;
			};
			name = Release;
		};
		AB944EBD28F24115002C3DDA /* Debug */ = {
			isa = XCBuildConfiguration;
			buildSettings = {
				ASSETCATALOG_COMPILER_APPICON_NAME = AppIcon;
				ASSETCATALOG_COMPILER_GLOBAL_ACCENT_COLOR_NAME = AccentColor;
				CODE_SIGN_STYLE = Automatic;
				CURRENT_PROJECT_VERSION = 1;
				DEVELOPMENT_ASSET_PATHS = "";
				DEVELOPMENT_TEAM = K769H5BPV8;
				ENABLE_PREVIEWS = YES;
				GENERATE_INFOPLIST_FILE = YES;
				INFOPLIST_KEY_CFBundleDisplayName = CodIcea;
				INFOPLIST_KEY_UIApplicationSceneManifest_Generation = YES;
				INFOPLIST_KEY_UIApplicationSupportsIndirectInputEvents = YES;
				INFOPLIST_KEY_UILaunchScreen_Generation = YES;
				INFOPLIST_KEY_UISupportedInterfaceOrientations_iPad = "UIInterfaceOrientationPortrait UIInterfaceOrientationPortraitUpsideDown UIInterfaceOrientationLandscapeLeft UIInterfaceOrientationLandscapeRight";
				INFOPLIST_KEY_UISupportedInterfaceOrientations_iPhone = "UIInterfaceOrientationPortrait UIInterfaceOrientationLandscapeLeft UIInterfaceOrientationLandscapeRight";
				IPHONEOS_DEPLOYMENT_TARGET = 16.0;
				LD_RUNPATH_SEARCH_PATHS = (
					"$(inherited)",
					"@executable_path/Frameworks",
				);
				MARKETING_VERSION = 1.0;
				PRODUCT_BUNDLE_IDENTIFIER = "ds.-65-GP";
				PRODUCT_NAME = CodIcea;
				SWIFT_EMIT_LOC_STRINGS = YES;
				SWIFT_VERSION = 5.0;
				TARGETED_DEVICE_FAMILY = "1,2";
			};
			name = Debug;
		};
		AB944EBE28F24115002C3DDA /* Release */ = {
			isa = XCBuildConfiguration;
			buildSettings = {
				ASSETCATALOG_COMPILER_APPICON_NAME = AppIcon;
				ASSETCATALOG_COMPILER_GLOBAL_ACCENT_COLOR_NAME = AccentColor;
				CODE_SIGN_STYLE = Automatic;
				CURRENT_PROJECT_VERSION = 1;
				DEVELOPMENT_ASSET_PATHS = "";
				DEVELOPMENT_TEAM = K769H5BPV8;
				ENABLE_PREVIEWS = YES;
				GENERATE_INFOPLIST_FILE = YES;
				INFOPLIST_KEY_CFBundleDisplayName = CodIcea;
				INFOPLIST_KEY_UIApplicationSceneManifest_Generation = YES;
				INFOPLIST_KEY_UIApplicationSupportsIndirectInputEvents = YES;
				INFOPLIST_KEY_UILaunchScreen_Generation = YES;
				INFOPLIST_KEY_UISupportedInterfaceOrientations_iPad = "UIInterfaceOrientationPortrait UIInterfaceOrientationPortraitUpsideDown UIInterfaceOrientationLandscapeLeft UIInterfaceOrientationLandscapeRight";
				INFOPLIST_KEY_UISupportedInterfaceOrientations_iPhone = "UIInterfaceOrientationPortrait UIInterfaceOrientationLandscapeLeft UIInterfaceOrientationLandscapeRight";
				IPHONEOS_DEPLOYMENT_TARGET = 16.0;
				LD_RUNPATH_SEARCH_PATHS = (
					"$(inherited)",
					"@executable_path/Frameworks",
				);
				MARKETING_VERSION = 1.0;
				PRODUCT_BUNDLE_IDENTIFIER = "ds.-65-GP";
				PRODUCT_NAME = CodIcea;
				SWIFT_EMIT_LOC_STRINGS = YES;
				SWIFT_VERSION = 5.0;
				TARGETED_DEVICE_FAMILY = "1,2";
			};
			name = Release;
		};
/* End XCBuildConfiguration section */

/* Begin XCConfigurationList section */
		AB944E9328F24112002C3DDA /* Build configuration list for PBXProject "Codicea" */ = {
			isa = XCConfigurationList;
			buildConfigurations = (
				AB944EBA28F24115002C3DDA /* Debug */,
				AB944EBB28F24115002C3DDA /* Release */,
			);
			defaultConfigurationIsVisible = 0;
			defaultConfigurationName = Release;
		};
		AB944EBC28F24115002C3DDA /* Build configuration list for PBXNativeTarget "Codicea" */ = {
			isa = XCConfigurationList;
			buildConfigurations = (
				AB944EBD28F24115002C3DDA /* Debug */,
				AB944EBE28F24115002C3DDA /* Release */,
			);
			defaultConfigurationIsVisible = 0;
			defaultConfigurationName = Release;
		};
/* End XCConfigurationList section */
	};
	rootObject = AB944E9028F24112002C3DDA /* Project object */;
}
